<?xml version="1.0" encoding="UTF-8"?>
<CodeBlocks_project_file>
	<FileVersion major="1" minor="6"/>
	<Project>
		<Option title="testing_cmake"/>
		<Option makefile_is_custom="1"/>
		<Option compiler="gcc"/>
		<Option virtualFolders="CMake Files\;CMake Files\_deps\;CMake Files\_deps\catch2-src\;CMake Files\_deps\catch2-src\CMake\;CMake Files\_deps\catch2-src\src\;CMake Files\_deps\catch2-src\src\catch2\;CMake Files\_deps\catch2-src\extras\;CMake Files\test\;CMake Files\cmake\;CMake Files\..\;CMake Files\..\..\;CMake Files\..\..\..\;CMake Files\..\..\..\..\;CMake Files\..\..\..\..\..\;CMake Files\..\..\..\..\..\usr\;CMake Files\..\..\..\..\..\usr\lib\;CMake Files\..\..\..\..\..\usr\lib\OGRE\;CMake Files\..\..\..\..\..\usr\lib\OGRE\cmake\;CMake Files\src\;CMake Files\src\gui\;CMake Files\src\gui\cli\;CMake Files\src\gui\handlers\;CMake Files\src\gui\handlers\events\;CMake Files\src\server\;CMake Files\src\server\core\;CMake Files\src\server\core\options\;CMake Files\src\server\implementation\;CMake Files\src\server\implementation\gui\;CMake Files\src\server\implementation\gui\cmd\;CMake Files\src\server\implementation\player\;CMake Files\src\server\implementation\player\cmd\;CMake Files\src\server\implementation\player\cmd\broadcast\;CMake Files\src\server\utils\;"/>
		<Build>
			<Target title="all">
				<Option working_dir="/home/beafowl/Documents/oop/Zappy"/>
				<Option type="4"/>
				<MakeCommands>
					<Build command="/usr/bin/make -f &quot;/home/beafowl/Documents/oop/Zappy/Makefile&quot;  VERBOSE=1 all"/>
					<CompileFile command="/usr/bin/make -f &quot;/home/beafowl/Documents/oop/Zappy/Makefile&quot;  VERBOSE=1 &quot;$file&quot;"/>
					<Clean command="/usr/bin/make -f &quot;/home/beafowl/Documents/oop/Zappy/Makefile&quot;  VERBOSE=1 clean"/>
					<DistClean command="/usr/bin/make -f &quot;/home/beafowl/Documents/oop/Zappy/Makefile&quot;  VERBOSE=1 clean"/>
				</MakeCommands>
			</Target>
			<Target title="Experimental">
				<Option working_dir="/home/beafowl/Documents/oop/Zappy"/>
				<Option type="4"/>
				<MakeCommands>
					<Build command="/usr/bin/make -f &quot;/home/beafowl/Documents/oop/Zappy/Makefile&quot;  VERBOSE=1 Experimental"/>
					<CompileFile command="/usr/bin/make -f &quot;/home/beafowl/Documents/oop/Zappy/Makefile&quot;  VERBOSE=1 &quot;$file&quot;"/>
					<Clean command="/usr/bin/make -f &quot;/home/beafowl/Documents/oop/Zappy/Makefile&quot;  VERBOSE=1 clean"/>
					<DistClean command="/usr/bin/make -f &quot;/home/beafowl/Documents/oop/Zappy/Makefile&quot;  VERBOSE=1 clean"/>
				</MakeCommands>
			</Target>
			<Target title="Nightly">
				<Option working_dir="/home/beafowl/Documents/oop/Zappy"/>
				<Option type="4"/>
				<MakeCommands>
					<Build command="/usr/bin/make -f &quot;/home/beafowl/Documents/oop/Zappy/Makefile&quot;  VERBOSE=1 Nightly"/>
					<CompileFile command="/usr/bin/make -f &quot;/home/beafowl/Documents/oop/Zappy/Makefile&quot;  VERBOSE=1 &quot;$file&quot;"/>
					<Clean command="/usr/bin/make -f &quot;/home/beafowl/Documents/oop/Zappy/Makefile&quot;  VERBOSE=1 clean"/>
					<DistClean command="/usr/bin/make -f &quot;/home/beafowl/Documents/oop/Zappy/Makefile&quot;  VERBOSE=1 clean"/>
				</MakeCommands>
			</Target>
			<Target title="Continuous">
				<Option working_dir="/home/beafowl/Documents/oop/Zappy"/>
				<Option type="4"/>
				<MakeCommands>
					<Build command="/usr/bin/make -f &quot;/home/beafowl/Documents/oop/Zappy/Makefile&quot;  VERBOSE=1 Continuous"/>
					<CompileFile command="/usr/bin/make -f &quot;/home/beafowl/Documents/oop/Zappy/Makefile&quot;  VERBOSE=1 &quot;$file&quot;"/>
					<Clean command="/usr/bin/make -f &quot;/home/beafowl/Documents/oop/Zappy/Makefile&quot;  VERBOSE=1 clean"/>
					<DistClean command="/usr/bin/make -f &quot;/home/beafowl/Documents/oop/Zappy/Makefile&quot;  VERBOSE=1 clean"/>
				</MakeCommands>
			</Target>
			<Target title="package">
				<Option working_dir="/home/beafowl/Documents/oop/Zappy"/>
				<Option type="4"/>
				<MakeCommands>
					<Build command="/usr/bin/make -f &quot;/home/beafowl/Documents/oop/Zappy/Makefile&quot;  VERBOSE=1 package"/>
					<CompileFile command="/usr/bin/make -f &quot;/home/beafowl/Documents/oop/Zappy/Makefile&quot;  VERBOSE=1 &quot;$file&quot;"/>
					<Clean command="/usr/bin/make -f &quot;/home/beafowl/Documents/oop/Zappy/Makefile&quot;  VERBOSE=1 clean"/>
					<DistClean command="/usr/bin/make -f &quot;/home/beafowl/Documents/oop/Zappy/Makefile&quot;  VERBOSE=1 clean"/>
				</MakeCommands>
			</Target>
			<Target title="package_source">
				<Option working_dir="/home/beafowl/Documents/oop/Zappy"/>
				<Option type="4"/>
				<MakeCommands>
					<Build command="/usr/bin/make -f &quot;/home/beafowl/Documents/oop/Zappy/Makefile&quot;  VERBOSE=1 package_source"/>
					<CompileFile command="/usr/bin/make -f &quot;/home/beafowl/Documents/oop/Zappy/Makefile&quot;  VERBOSE=1 &quot;$file&quot;"/>
					<Clean command="/usr/bin/make -f &quot;/home/beafowl/Documents/oop/Zappy/Makefile&quot;  VERBOSE=1 clean"/>
					<DistClean command="/usr/bin/make -f &quot;/home/beafowl/Documents/oop/Zappy/Makefile&quot;  VERBOSE=1 clean"/>
				</MakeCommands>
			</Target>
			<Target title="test">
				<Option working_dir="/home/beafowl/Documents/oop/Zappy"/>
				<Option type="4"/>
				<MakeCommands>
					<Build command="/usr/bin/make -f &quot;/home/beafowl/Documents/oop/Zappy/Makefile&quot;  VERBOSE=1 test"/>
					<CompileFile command="/usr/bin/make -f &quot;/home/beafowl/Documents/oop/Zappy/Makefile&quot;  VERBOSE=1 &quot;$file&quot;"/>
					<Clean command="/usr/bin/make -f &quot;/home/beafowl/Documents/oop/Zappy/Makefile&quot;  VERBOSE=1 clean"/>
					<DistClean command="/usr/bin/make -f &quot;/home/beafowl/Documents/oop/Zappy/Makefile&quot;  VERBOSE=1 clean"/>
				</MakeCommands>
			</Target>
			<Target title="edit_cache">
				<Option working_dir="/home/beafowl/Documents/oop/Zappy"/>
				<Option type="4"/>
				<MakeCommands>
					<Build command="/usr/bin/make -f &quot;/home/beafowl/Documents/oop/Zappy/Makefile&quot;  VERBOSE=1 edit_cache"/>
					<CompileFile command="/usr/bin/make -f &quot;/home/beafowl/Documents/oop/Zappy/Makefile&quot;  VERBOSE=1 &quot;$file&quot;"/>
					<Clean command="/usr/bin/make -f &quot;/home/beafowl/Documents/oop/Zappy/Makefile&quot;  VERBOSE=1 clean"/>
					<DistClean command="/usr/bin/make -f &quot;/home/beafowl/Documents/oop/Zappy/Makefile&quot;  VERBOSE=1 clean"/>
				</MakeCommands>
			</Target>
			<Target title="rebuild_cache">
				<Option working_dir="/home/beafowl/Documents/oop/Zappy"/>
				<Option type="4"/>
				<MakeCommands>
					<Build command="/usr/bin/make -f &quot;/home/beafowl/Documents/oop/Zappy/Makefile&quot;  VERBOSE=1 rebuild_cache"/>
					<CompileFile command="/usr/bin/make -f &quot;/home/beafowl/Documents/oop/Zappy/Makefile&quot;  VERBOSE=1 &quot;$file&quot;"/>
					<Clean command="/usr/bin/make -f &quot;/home/beafowl/Documents/oop/Zappy/Makefile&quot;  VERBOSE=1 clean"/>
					<DistClean command="/usr/bin/make -f &quot;/home/beafowl/Documents/oop/Zappy/Makefile&quot;  VERBOSE=1 clean"/>
				</MakeCommands>
			</Target>
			<Target title="list_install_components">
				<Option working_dir="/home/beafowl/Documents/oop/Zappy"/>
				<Option type="4"/>
				<MakeCommands>
					<Build command="/usr/bin/make -f &quot;/home/beafowl/Documents/oop/Zappy/Makefile&quot;  VERBOSE=1 list_install_components"/>
					<CompileFile command="/usr/bin/make -f &quot;/home/beafowl/Documents/oop/Zappy/Makefile&quot;  VERBOSE=1 &quot;$file&quot;"/>
					<Clean command="/usr/bin/make -f &quot;/home/beafowl/Documents/oop/Zappy/Makefile&quot;  VERBOSE=1 clean"/>
					<DistClean command="/usr/bin/make -f &quot;/home/beafowl/Documents/oop/Zappy/Makefile&quot;  VERBOSE=1 clean"/>
				</MakeCommands>
			</Target>
			<Target title="install">
				<Option working_dir="/home/beafowl/Documents/oop/Zappy"/>
				<Option type="4"/>
				<MakeCommands>
					<Build command="/usr/bin/make -f &quot;/home/beafowl/Documents/oop/Zappy/Makefile&quot;  VERBOSE=1 install"/>
					<CompileFile command="/usr/bin/make -f &quot;/home/beafowl/Documents/oop/Zappy/Makefile&quot;  VERBOSE=1 &quot;$file&quot;"/>
					<Clean command="/usr/bin/make -f &quot;/home/beafowl/Documents/oop/Zappy/Makefile&quot;  VERBOSE=1 clean"/>
					<DistClean command="/usr/bin/make -f &quot;/home/beafowl/Documents/oop/Zappy/Makefile&quot;  VERBOSE=1 clean"/>
				</MakeCommands>
			</Target>
			<Target title="install/local">
				<Option working_dir="/home/beafowl/Documents/oop/Zappy"/>
				<Option type="4"/>
				<MakeCommands>
					<Build command="/usr/bin/make -f &quot;/home/beafowl/Documents/oop/Zappy/Makefile&quot;  VERBOSE=1 install/local"/>
					<CompileFile command="/usr/bin/make -f &quot;/home/beafowl/Documents/oop/Zappy/Makefile&quot;  VERBOSE=1 &quot;$file&quot;"/>
					<Clean command="/usr/bin/make -f &quot;/home/beafowl/Documents/oop/Zappy/Makefile&quot;  VERBOSE=1 clean"/>
					<DistClean command="/usr/bin/make -f &quot;/home/beafowl/Documents/oop/Zappy/Makefile&quot;  VERBOSE=1 clean"/>
				</MakeCommands>
			</Target>
			<Target title="install/strip">
				<Option working_dir="/home/beafowl/Documents/oop/Zappy"/>
				<Option type="4"/>
				<MakeCommands>
					<Build command="/usr/bin/make -f &quot;/home/beafowl/Documents/oop/Zappy/Makefile&quot;  VERBOSE=1 install/strip"/>
					<CompileFile command="/usr/bin/make -f &quot;/home/beafowl/Documents/oop/Zappy/Makefile&quot;  VERBOSE=1 &quot;$file&quot;"/>
					<Clean command="/usr/bin/make -f &quot;/home/beafowl/Documents/oop/Zappy/Makefile&quot;  VERBOSE=1 clean"/>
					<DistClean command="/usr/bin/make -f &quot;/home/beafowl/Documents/oop/Zappy/Makefile&quot;  VERBOSE=1 clean"/>
				</MakeCommands>
			</Target>
			<Target title="Catch2">
				<Option output="/home/beafowl/Documents/oop/Zappy/_deps/catch2-build/src/libCatch2d.a" prefix_auto="0" extension_auto="0"/>
				<Option working_dir="/home/beafowl/Documents/oop/Zappy/_deps/catch2-build/src"/>
				<Option object_output="./"/>
				<Option type="2"/>
				<Option compiler="gcc"/>
				<Compiler>
					<Add directory="/home/beafowl/Documents/oop/Zappy/_deps/catch2-src/src/catch2/.."/>
					<Add directory="/home/beafowl/Documents/oop/Zappy/_deps/catch2-build/generated-includes"/>
				</Compiler>
				<MakeCommands>
					<Build command="/usr/bin/make -f &quot;/home/beafowl/Documents/oop/Zappy/_deps/catch2-build/src/Makefile&quot;  VERBOSE=1 Catch2"/>
					<CompileFile command="/usr/bin/make -f &quot;/home/beafowl/Documents/oop/Zappy/_deps/catch2-build/src/Makefile&quot;  VERBOSE=1 &quot;$file&quot;"/>
					<Clean command="/usr/bin/make -f &quot;/home/beafowl/Documents/oop/Zappy/_deps/catch2-build/src/Makefile&quot;  VERBOSE=1 clean"/>
					<DistClean command="/usr/bin/make -f &quot;/home/beafowl/Documents/oop/Zappy/_deps/catch2-build/src/Makefile&quot;  VERBOSE=1 clean"/>
				</MakeCommands>
			</Target>
			<Target title="Catch2/fast">
				<Option output="/home/beafowl/Documents/oop/Zappy/_deps/catch2-build/src/libCatch2d.a" prefix_auto="0" extension_auto="0"/>
				<Option working_dir="/home/beafowl/Documents/oop/Zappy/_deps/catch2-build/src"/>
				<Option object_output="./"/>
				<Option type="2"/>
				<Option compiler="gcc"/>
				<Compiler>
					<Add directory="/home/beafowl/Documents/oop/Zappy/_deps/catch2-src/src/catch2/.."/>
					<Add directory="/home/beafowl/Documents/oop/Zappy/_deps/catch2-build/generated-includes"/>
				</Compiler>
				<MakeCommands>
					<Build command="/usr/bin/make -f &quot;/home/beafowl/Documents/oop/Zappy/_deps/catch2-build/src/Makefile&quot;  VERBOSE=1 Catch2/fast"/>
					<CompileFile command="/usr/bin/make -f &quot;/home/beafowl/Documents/oop/Zappy/_deps/catch2-build/src/Makefile&quot;  VERBOSE=1 &quot;$file&quot;"/>
					<Clean command="/usr/bin/make -f &quot;/home/beafowl/Documents/oop/Zappy/_deps/catch2-build/src/Makefile&quot;  VERBOSE=1 clean"/>
					<DistClean command="/usr/bin/make -f &quot;/home/beafowl/Documents/oop/Zappy/_deps/catch2-build/src/Makefile&quot;  VERBOSE=1 clean"/>
				</MakeCommands>
			</Target>
			<Target title="Catch2WithMain">
				<Option output="/home/beafowl/Documents/oop/Zappy/_deps/catch2-build/src/libCatch2Maind.a" prefix_auto="0" extension_auto="0"/>
				<Option working_dir="/home/beafowl/Documents/oop/Zappy/_deps/catch2-build/src"/>
				<Option object_output="./"/>
				<Option type="2"/>
				<Option compiler="gcc"/>
				<Compiler>
					<Add directory="/home/beafowl/Documents/oop/Zappy/_deps/catch2-src/src/catch2/.."/>
					<Add directory="/home/beafowl/Documents/oop/Zappy/_deps/catch2-build/generated-includes"/>
				</Compiler>
				<MakeCommands>
					<Build command="/usr/bin/make -f &quot;/home/beafowl/Documents/oop/Zappy/_deps/catch2-build/src/Makefile&quot;  VERBOSE=1 Catch2WithMain"/>
					<CompileFile command="/usr/bin/make -f &quot;/home/beafowl/Documents/oop/Zappy/_deps/catch2-build/src/Makefile&quot;  VERBOSE=1 &quot;$file&quot;"/>
					<Clean command="/usr/bin/make -f &quot;/home/beafowl/Documents/oop/Zappy/_deps/catch2-build/src/Makefile&quot;  VERBOSE=1 clean"/>
					<DistClean command="/usr/bin/make -f &quot;/home/beafowl/Documents/oop/Zappy/_deps/catch2-build/src/Makefile&quot;  VERBOSE=1 clean"/>
				</MakeCommands>
			</Target>
			<Target title="Catch2WithMain/fast">
				<Option output="/home/beafowl/Documents/oop/Zappy/_deps/catch2-build/src/libCatch2Maind.a" prefix_auto="0" extension_auto="0"/>
				<Option working_dir="/home/beafowl/Documents/oop/Zappy/_deps/catch2-build/src"/>
				<Option object_output="./"/>
				<Option type="2"/>
				<Option compiler="gcc"/>
				<Compiler>
					<Add directory="/home/beafowl/Documents/oop/Zappy/_deps/catch2-src/src/catch2/.."/>
					<Add directory="/home/beafowl/Documents/oop/Zappy/_deps/catch2-build/generated-includes"/>
				</Compiler>
				<MakeCommands>
					<Build command="/usr/bin/make -f &quot;/home/beafowl/Documents/oop/Zappy/_deps/catch2-build/src/Makefile&quot;  VERBOSE=1 Catch2WithMain/fast"/>
					<CompileFile command="/usr/bin/make -f &quot;/home/beafowl/Documents/oop/Zappy/_deps/catch2-build/src/Makefile&quot;  VERBOSE=1 &quot;$file&quot;"/>
					<Clean command="/usr/bin/make -f &quot;/home/beafowl/Documents/oop/Zappy/_deps/catch2-build/src/Makefile&quot;  VERBOSE=1 clean"/>
					<DistClean command="/usr/bin/make -f &quot;/home/beafowl/Documents/oop/Zappy/_deps/catch2-build/src/Makefile&quot;  VERBOSE=1 clean"/>
				</MakeCommands>
			</Target>
			<Target title="zappy_gui">
				<Option output="/home/beafowl/Documents/oop/Zappy/zappy_gui" prefix_auto="0" extension_auto="0"/>
				<Option working_dir="/home/beafowl/Documents/oop/Zappy/src/gui"/>
				<Option object_output="./"/>
				<Option type="1"/>
				<Option compiler="gcc"/>
				<Compiler>
					<Add directory="/home/beafowl/Documents/oop/Zappy/src/gui/cli"/>
					<Add directory="/home/beafowl/Documents/oop/Zappy/src/gui"/>
					<Add directory="/home/beafowl/Documents/oop/Zappy/src/gui/cli/../home/beafowl/Documents/oop/Zappy/src/gui/cli"/>
					<Add directory="/home/beafowl/Documents/oop/Zappy/src/gui/handlers/events"/>
					<Add directory="/home/beafowl/Documents/oop/Zappy/src/gui/handlers"/>
					<Add directory="/usr/include/OGRE"/>
					<Add directory="/usr/include/OGRE/Bites"/>
					<Add directory="/usr/include/OGRE/Overlay"/>
					<Add directory="/usr/include/OGRE/RTShaderSystem"/>
				</Compiler>
				<MakeCommands>
					<Build command="/usr/bin/make -f &quot;/home/beafowl/Documents/oop/Zappy/src/gui/Makefile&quot;  VERBOSE=1 zappy_gui"/>
					<CompileFile command="/usr/bin/make -f &quot;/home/beafowl/Documents/oop/Zappy/src/gui/Makefile&quot;  VERBOSE=1 &quot;$file&quot;"/>
					<Clean command="/usr/bin/make -f &quot;/home/beafowl/Documents/oop/Zappy/src/gui/Makefile&quot;  VERBOSE=1 clean"/>
					<DistClean command="/usr/bin/make -f &quot;/home/beafowl/Documents/oop/Zappy/src/gui/Makefile&quot;  VERBOSE=1 clean"/>
				</MakeCommands>
			</Target>
			<Target title="zappy_gui/fast">
				<Option output="/home/beafowl/Documents/oop/Zappy/zappy_gui" prefix_auto="0" extension_auto="0"/>
				<Option working_dir="/home/beafowl/Documents/oop/Zappy/src/gui"/>
				<Option object_output="./"/>
				<Option type="1"/>
				<Option compiler="gcc"/>
				<Compiler>
					<Add directory="/home/beafowl/Documents/oop/Zappy/src/gui/cli"/>
					<Add directory="/home/beafowl/Documents/oop/Zappy/src/gui"/>
					<Add directory="/home/beafowl/Documents/oop/Zappy/src/gui/cli/../home/beafowl/Documents/oop/Zappy/src/gui/cli"/>
					<Add directory="/home/beafowl/Documents/oop/Zappy/src/gui/handlers/events"/>
					<Add directory="/home/beafowl/Documents/oop/Zappy/src/gui/handlers"/>
					<Add directory="/usr/include/OGRE"/>
					<Add directory="/usr/include/OGRE/Bites"/>
					<Add directory="/usr/include/OGRE/Overlay"/>
					<Add directory="/usr/include/OGRE/RTShaderSystem"/>
				</Compiler>
				<MakeCommands>
					<Build command="/usr/bin/make -f &quot;/home/beafowl/Documents/oop/Zappy/src/gui/Makefile&quot;  VERBOSE=1 zappy_gui/fast"/>
					<CompileFile command="/usr/bin/make -f &quot;/home/beafowl/Documents/oop/Zappy/src/gui/Makefile&quot;  VERBOSE=1 &quot;$file&quot;"/>
					<Clean command="/usr/bin/make -f &quot;/home/beafowl/Documents/oop/Zappy/src/gui/Makefile&quot;  VERBOSE=1 clean"/>
					<DistClean command="/usr/bin/make -f &quot;/home/beafowl/Documents/oop/Zappy/src/gui/Makefile&quot;  VERBOSE=1 clean"/>
				</MakeCommands>
			</Target>
			<Target title="zappy_server">
				<Option output="/home/beafowl/Documents/oop/Zappy/zappy_server" prefix_auto="0" extension_auto="0"/>
				<Option working_dir="/home/beafowl/Documents/oop/Zappy/src/server"/>
				<Option object_output="./"/>
				<Option type="1"/>
				<Option compiler="gcc"/>
				<Compiler>
					<Add directory="/home/beafowl/Documents/oop/Zappy/src/server/core/options"/>
					<Add directory="/home/beafowl/Documents/oop/Zappy/src/server/implementation/gui/cmd"/>
					<Add directory="/home/beafowl/Documents/oop/Zappy/src/server/implementation/player/cmd/broadcast"/>
					<Add directory="/home/beafowl/Documents/oop/Zappy/src/server/implementation/player/cmd"/>
					<Add directory="/home/beafowl/Documents/oop/Zappy/src/server/implementation/player"/>
					<Add directory="/home/beafowl/Documents/oop/Zappy/src/server/implementation/gui"/>
					<Add directory="/home/beafowl/Documents/oop/Zappy/src/server/core"/>
					<Add directory="/home/beafowl/Documents/oop/Zappy/src/server/implementation"/>
					<Add directory="/home/beafowl/Documents/oop/Zappy/src/server/utils"/>
					<Add directory="/home/beafowl/Documents/oop/Zappy/src/server/include"/>
					<Add directory="/home/beafowl/Documents/oop/Zappy/src/server/include/implementation"/>
				</Compiler>
				<MakeCommands>
					<Build command="/usr/bin/make -f &quot;/home/beafowl/Documents/oop/Zappy/src/server/Makefile&quot;  VERBOSE=1 zappy_server"/>
					<CompileFile command="/usr/bin/make -f &quot;/home/beafowl/Documents/oop/Zappy/src/server/Makefile&quot;  VERBOSE=1 &quot;$file&quot;"/>
					<Clean command="/usr/bin/make -f &quot;/home/beafowl/Documents/oop/Zappy/src/server/Makefile&quot;  VERBOSE=1 clean"/>
					<DistClean command="/usr/bin/make -f &quot;/home/beafowl/Documents/oop/Zappy/src/server/Makefile&quot;  VERBOSE=1 clean"/>
				</MakeCommands>
			</Target>
			<Target title="zappy_server/fast">
				<Option output="/home/beafowl/Documents/oop/Zappy/zappy_server" prefix_auto="0" extension_auto="0"/>
				<Option working_dir="/home/beafowl/Documents/oop/Zappy/src/server"/>
				<Option object_output="./"/>
				<Option type="1"/>
				<Option compiler="gcc"/>
				<Compiler>
					<Add directory="/home/beafowl/Documents/oop/Zappy/src/server/core/options"/>
					<Add directory="/home/beafowl/Documents/oop/Zappy/src/server/implementation/gui/cmd"/>
					<Add directory="/home/beafowl/Documents/oop/Zappy/src/server/implementation/player/cmd/broadcast"/>
					<Add directory="/home/beafowl/Documents/oop/Zappy/src/server/implementation/player/cmd"/>
					<Add directory="/home/beafowl/Documents/oop/Zappy/src/server/implementation/player"/>
					<Add directory="/home/beafowl/Documents/oop/Zappy/src/server/implementation/gui"/>
					<Add directory="/home/beafowl/Documents/oop/Zappy/src/server/core"/>
					<Add directory="/home/beafowl/Documents/oop/Zappy/src/server/implementation"/>
					<Add directory="/home/beafowl/Documents/oop/Zappy/src/server/utils"/>
					<Add directory="/home/beafowl/Documents/oop/Zappy/src/server/include"/>
					<Add directory="/home/beafowl/Documents/oop/Zappy/src/server/include/implementation"/>
				</Compiler>
				<MakeCommands>
					<Build command="/usr/bin/make -f &quot;/home/beafowl/Documents/oop/Zappy/src/server/Makefile&quot;  VERBOSE=1 zappy_server/fast"/>
					<CompileFile command="/usr/bin/make -f &quot;/home/beafowl/Documents/oop/Zappy/src/server/Makefile&quot;  VERBOSE=1 &quot;$file&quot;"/>
					<Clean command="/usr/bin/make -f &quot;/home/beafowl/Documents/oop/Zappy/src/server/Makefile&quot;  VERBOSE=1 clean"/>
					<DistClean command="/usr/bin/make -f &quot;/home/beafowl/Documents/oop/Zappy/src/server/Makefile&quot;  VERBOSE=1 clean"/>
				</MakeCommands>
			</Target>
			<Target title="test_zappy">
				<Option output="/home/beafowl/Documents/oop/Zappy/test/test_zappy" prefix_auto="0" extension_auto="0"/>
				<Option working_dir="/home/beafowl/Documents/oop/Zappy/test"/>
				<Option object_output="./"/>
				<Option type="1"/>
				<Option compiler="gcc"/>
				<Compiler>
					<Add directory="/home/beafowl/Documents/oop/Zappy/test/../src/gui/cli"/>
					<Add directory="/home/beafowl/Documents/oop/Zappy/test/../src/gui"/>
					<Add directory="/home/beafowl/Documents/oop/Zappy/_deps/catch2-src/src/catch2/.."/>
					<Add directory="/home/beafowl/Documents/oop/Zappy/_deps/catch2-build/generated-includes"/>
				</Compiler>
				<MakeCommands>
					<Build command="/usr/bin/make -f &quot;/home/beafowl/Documents/oop/Zappy/test/Makefile&quot;  VERBOSE=1 test_zappy"/>
					<CompileFile command="/usr/bin/make -f &quot;/home/beafowl/Documents/oop/Zappy/test/Makefile&quot;  VERBOSE=1 &quot;$file&quot;"/>
					<Clean command="/usr/bin/make -f &quot;/home/beafowl/Documents/oop/Zappy/test/Makefile&quot;  VERBOSE=1 clean"/>
					<DistClean command="/usr/bin/make -f &quot;/home/beafowl/Documents/oop/Zappy/test/Makefile&quot;  VERBOSE=1 clean"/>
				</MakeCommands>
			</Target>
			<Target title="test_zappy/fast">
				<Option output="/home/beafowl/Documents/oop/Zappy/test/test_zappy" prefix_auto="0" extension_auto="0"/>
				<Option working_dir="/home/beafowl/Documents/oop/Zappy/test"/>
				<Option object_output="./"/>
				<Option type="1"/>
				<Option compiler="gcc"/>
				<Compiler>
					<Add directory="/home/beafowl/Documents/oop/Zappy/test/../src/gui/cli"/>
					<Add directory="/home/beafowl/Documents/oop/Zappy/test/../src/gui"/>
					<Add directory="/home/beafowl/Documents/oop/Zappy/_deps/catch2-src/src/catch2/.."/>
					<Add directory="/home/beafowl/Documents/oop/Zappy/_deps/catch2-build/generated-includes"/>
				</Compiler>
				<MakeCommands>
					<Build command="/usr/bin/make -f &quot;/home/beafowl/Documents/oop/Zappy/test/Makefile&quot;  VERBOSE=1 test_zappy/fast"/>
					<CompileFile command="/usr/bin/make -f &quot;/home/beafowl/Documents/oop/Zappy/test/Makefile&quot;  VERBOSE=1 &quot;$file&quot;"/>
					<Clean command="/usr/bin/make -f &quot;/home/beafowl/Documents/oop/Zappy/test/Makefile&quot;  VERBOSE=1 clean"/>
					<DistClean command="/usr/bin/make -f &quot;/home/beafowl/Documents/oop/Zappy/test/Makefile&quot;  VERBOSE=1 clean"/>
				</MakeCommands>
			</Target>
		</Build>
		<Unit filename="/home/beafowl/Documents/oop/Zappy/_deps/catch2-build/generated-includes/catch2/catch_user_config.hpp">
			<Option target="Catch2"/>
		</Unit>
		<Unit filename="/home/beafowl/Documents/oop/Zappy/_deps/catch2-src/src/catch2/benchmark/catch_benchmark.hpp">
			<Option target="Catch2"/>
		</Unit>
		<Unit filename="/home/beafowl/Documents/oop/Zappy/_deps/catch2-src/src/catch2/benchmark/catch_benchmark_all.hpp">
			<Option target="Catch2"/>
		</Unit>
		<Unit filename="/home/beafowl/Documents/oop/Zappy/_deps/catch2-src/src/catch2/benchmark/catch_chronometer.cpp">
			<Option target="Catch2"/>
		</Unit>
		<Unit filename="/home/beafowl/Documents/oop/Zappy/_deps/catch2-src/src/catch2/benchmark/catch_chronometer.hpp">
			<Option target="Catch2"/>
		</Unit>
		<Unit filename="/home/beafowl/Documents/oop/Zappy/_deps/catch2-src/src/catch2/benchmark/catch_clock.hpp">
			<Option target="Catch2"/>
		</Unit>
		<Unit filename="/home/beafowl/Documents/oop/Zappy/_deps/catch2-src/src/catch2/benchmark/catch_constructor.hpp">
			<Option target="Catch2"/>
		</Unit>
		<Unit filename="/home/beafowl/Documents/oop/Zappy/_deps/catch2-src/src/catch2/benchmark/catch_environment.hpp">
			<Option target="Catch2"/>
		</Unit>
		<Unit filename="/home/beafowl/Documents/oop/Zappy/_deps/catch2-src/src/catch2/benchmark/catch_estimate.hpp">
			<Option target="Catch2"/>
		</Unit>
		<Unit filename="/home/beafowl/Documents/oop/Zappy/_deps/catch2-src/src/catch2/benchmark/catch_execution_plan.hpp">
			<Option target="Catch2"/>
		</Unit>
		<Unit filename="/home/beafowl/Documents/oop/Zappy/_deps/catch2-src/src/catch2/benchmark/catch_optimizer.hpp">
			<Option target="Catch2"/>
		</Unit>
		<Unit filename="/home/beafowl/Documents/oop/Zappy/_deps/catch2-src/src/catch2/benchmark/catch_outlier_classification.hpp">
			<Option target="Catch2"/>
		</Unit>
		<Unit filename="/home/beafowl/Documents/oop/Zappy/_deps/catch2-src/src/catch2/benchmark/catch_sample_analysis.hpp">
			<Option target="Catch2"/>
		</Unit>
		<Unit filename="/home/beafowl/Documents/oop/Zappy/_deps/catch2-src/src/catch2/benchmark/detail/catch_analyse.hpp">
			<Option target="Catch2"/>
		</Unit>
		<Unit filename="/home/beafowl/Documents/oop/Zappy/_deps/catch2-src/src/catch2/benchmark/detail/catch_benchmark_function.cpp">
			<Option target="Catch2"/>
		</Unit>
		<Unit filename="/home/beafowl/Documents/oop/Zappy/_deps/catch2-src/src/catch2/benchmark/detail/catch_benchmark_function.hpp">
			<Option target="Catch2"/>
		</Unit>
		<Unit filename="/home/beafowl/Documents/oop/Zappy/_deps/catch2-src/src/catch2/benchmark/detail/catch_complete_invoke.hpp">
			<Option target="Catch2"/>
		</Unit>
		<Unit filename="/home/beafowl/Documents/oop/Zappy/_deps/catch2-src/src/catch2/benchmark/detail/catch_estimate_clock.hpp">
			<Option target="Catch2"/>
		</Unit>
		<Unit filename="/home/beafowl/Documents/oop/Zappy/_deps/catch2-src/src/catch2/benchmark/detail/catch_measure.hpp">
			<Option target="Catch2"/>
		</Unit>
		<Unit filename="/home/beafowl/Documents/oop/Zappy/_deps/catch2-src/src/catch2/benchmark/detail/catch_repeat.hpp">
			<Option target="Catch2"/>
		</Unit>
		<Unit filename="/home/beafowl/Documents/oop/Zappy/_deps/catch2-src/src/catch2/benchmark/detail/catch_run_for_at_least.cpp">
			<Option target="Catch2"/>
		</Unit>
		<Unit filename="/home/beafowl/Documents/oop/Zappy/_deps/catch2-src/src/catch2/benchmark/detail/catch_run_for_at_least.hpp">
			<Option target="Catch2"/>
		</Unit>
		<Unit filename="/home/beafowl/Documents/oop/Zappy/_deps/catch2-src/src/catch2/benchmark/detail/catch_stats.cpp">
			<Option target="Catch2"/>
		</Unit>
		<Unit filename="/home/beafowl/Documents/oop/Zappy/_deps/catch2-src/src/catch2/benchmark/detail/catch_stats.hpp">
			<Option target="Catch2"/>
		</Unit>
		<Unit filename="/home/beafowl/Documents/oop/Zappy/_deps/catch2-src/src/catch2/benchmark/detail/catch_timing.hpp">
			<Option target="Catch2"/>
		</Unit>
		<Unit filename="/home/beafowl/Documents/oop/Zappy/_deps/catch2-src/src/catch2/catch_all.hpp">
			<Option target="Catch2"/>
		</Unit>
		<Unit filename="/home/beafowl/Documents/oop/Zappy/_deps/catch2-src/src/catch2/catch_approx.cpp">
			<Option target="Catch2"/>
		</Unit>
		<Unit filename="/home/beafowl/Documents/oop/Zappy/_deps/catch2-src/src/catch2/catch_approx.hpp">
			<Option target="Catch2"/>
		</Unit>
		<Unit filename="/home/beafowl/Documents/oop/Zappy/_deps/catch2-src/src/catch2/catch_assertion_info.hpp">
			<Option target="Catch2"/>
		</Unit>
		<Unit filename="/home/beafowl/Documents/oop/Zappy/_deps/catch2-src/src/catch2/catch_assertion_result.cpp">
			<Option target="Catch2"/>
		</Unit>
		<Unit filename="/home/beafowl/Documents/oop/Zappy/_deps/catch2-src/src/catch2/catch_assertion_result.hpp">
			<Option target="Catch2"/>
		</Unit>
		<Unit filename="/home/beafowl/Documents/oop/Zappy/_deps/catch2-src/src/catch2/catch_config.cpp">
			<Option target="Catch2"/>
		</Unit>
		<Unit filename="/home/beafowl/Documents/oop/Zappy/_deps/catch2-src/src/catch2/catch_config.hpp">
			<Option target="Catch2"/>
		</Unit>
		<Unit filename="/home/beafowl/Documents/oop/Zappy/_deps/catch2-src/src/catch2/catch_get_random_seed.cpp">
			<Option target="Catch2"/>
		</Unit>
		<Unit filename="/home/beafowl/Documents/oop/Zappy/_deps/catch2-src/src/catch2/catch_get_random_seed.hpp">
			<Option target="Catch2"/>
		</Unit>
		<Unit filename="/home/beafowl/Documents/oop/Zappy/_deps/catch2-src/src/catch2/catch_message.cpp">
			<Option target="Catch2"/>
		</Unit>
		<Unit filename="/home/beafowl/Documents/oop/Zappy/_deps/catch2-src/src/catch2/catch_message.hpp">
			<Option target="Catch2"/>
		</Unit>
		<Unit filename="/home/beafowl/Documents/oop/Zappy/_deps/catch2-src/src/catch2/catch_registry_hub.cpp">
			<Option target="Catch2"/>
		</Unit>
		<Unit filename="/home/beafowl/Documents/oop/Zappy/_deps/catch2-src/src/catch2/catch_section_info.hpp">
			<Option target="Catch2"/>
		</Unit>
		<Unit filename="/home/beafowl/Documents/oop/Zappy/_deps/catch2-src/src/catch2/catch_session.cpp">
			<Option target="Catch2"/>
		</Unit>
		<Unit filename="/home/beafowl/Documents/oop/Zappy/_deps/catch2-src/src/catch2/catch_session.hpp">
			<Option target="Catch2"/>
		</Unit>
		<Unit filename="/home/beafowl/Documents/oop/Zappy/_deps/catch2-src/src/catch2/catch_tag_alias.hpp">
			<Option target="Catch2"/>
		</Unit>
		<Unit filename="/home/beafowl/Documents/oop/Zappy/_deps/catch2-src/src/catch2/catch_tag_alias_autoregistrar.cpp">
			<Option target="Catch2"/>
		</Unit>
		<Unit filename="/home/beafowl/Documents/oop/Zappy/_deps/catch2-src/src/catch2/catch_tag_alias_autoregistrar.hpp">
			<Option target="Catch2"/>
		</Unit>
		<Unit filename="/home/beafowl/Documents/oop/Zappy/_deps/catch2-src/src/catch2/catch_template_test_macros.hpp">
			<Option target="Catch2"/>
		</Unit>
		<Unit filename="/home/beafowl/Documents/oop/Zappy/_deps/catch2-src/src/catch2/catch_test_case_info.cpp">
			<Option target="Catch2"/>
		</Unit>
		<Unit filename="/home/beafowl/Documents/oop/Zappy/_deps/catch2-src/src/catch2/catch_test_case_info.hpp">
			<Option target="Catch2"/>
		</Unit>
		<Unit filename="/home/beafowl/Documents/oop/Zappy/_deps/catch2-src/src/catch2/catch_test_macros.hpp">
			<Option target="Catch2"/>
		</Unit>
		<Unit filename="/home/beafowl/Documents/oop/Zappy/_deps/catch2-src/src/catch2/catch_test_spec.cpp">
			<Option target="Catch2"/>
		</Unit>
		<Unit filename="/home/beafowl/Documents/oop/Zappy/_deps/catch2-src/src/catch2/catch_test_spec.hpp">
			<Option target="Catch2"/>
		</Unit>
		<Unit filename="/home/beafowl/Documents/oop/Zappy/_deps/catch2-src/src/catch2/catch_timer.cpp">
			<Option target="Catch2"/>
		</Unit>
		<Unit filename="/home/beafowl/Documents/oop/Zappy/_deps/catch2-src/src/catch2/catch_timer.hpp">
			<Option target="Catch2"/>
		</Unit>
		<Unit filename="/home/beafowl/Documents/oop/Zappy/_deps/catch2-src/src/catch2/catch_tostring.cpp">
			<Option target="Catch2"/>
		</Unit>
		<Unit filename="/home/beafowl/Documents/oop/Zappy/_deps/catch2-src/src/catch2/catch_tostring.hpp">
			<Option target="Catch2"/>
		</Unit>
		<Unit filename="/home/beafowl/Documents/oop/Zappy/_deps/catch2-src/src/catch2/catch_totals.cpp">
			<Option target="Catch2"/>
		</Unit>
		<Unit filename="/home/beafowl/Documents/oop/Zappy/_deps/catch2-src/src/catch2/catch_totals.hpp">
			<Option target="Catch2"/>
		</Unit>
		<Unit filename="/home/beafowl/Documents/oop/Zappy/_deps/catch2-src/src/catch2/catch_translate_exception.hpp">
			<Option target="Catch2"/>
		</Unit>
		<Unit filename="/home/beafowl/Documents/oop/Zappy/_deps/catch2-src/src/catch2/catch_user_config.hpp.in">
			<Option target="Catch2"/>
		</Unit>
		<Unit filename="/home/beafowl/Documents/oop/Zappy/_deps/catch2-src/src/catch2/catch_version.cpp">
			<Option target="Catch2"/>
		</Unit>
		<Unit filename="/home/beafowl/Documents/oop/Zappy/_deps/catch2-src/src/catch2/catch_version.hpp">
			<Option target="Catch2"/>
		</Unit>
		<Unit filename="/home/beafowl/Documents/oop/Zappy/_deps/catch2-src/src/catch2/catch_version_macros.hpp">
			<Option target="Catch2"/>
		</Unit>
		<Unit filename="/home/beafowl/Documents/oop/Zappy/_deps/catch2-src/src/catch2/generators/catch_generator_exception.cpp">
			<Option target="Catch2"/>
		</Unit>
		<Unit filename="/home/beafowl/Documents/oop/Zappy/_deps/catch2-src/src/catch2/generators/catch_generator_exception.hpp">
			<Option target="Catch2"/>
		</Unit>
		<Unit filename="/home/beafowl/Documents/oop/Zappy/_deps/catch2-src/src/catch2/generators/catch_generators.cpp">
			<Option target="Catch2"/>
		</Unit>
		<Unit filename="/home/beafowl/Documents/oop/Zappy/_deps/catch2-src/src/catch2/generators/catch_generators.hpp">
			<Option target="Catch2"/>
		</Unit>
		<Unit filename="/home/beafowl/Documents/oop/Zappy/_deps/catch2-src/src/catch2/generators/catch_generators_adapters.hpp">
			<Option target="Catch2"/>
		</Unit>
		<Unit filename="/home/beafowl/Documents/oop/Zappy/_deps/catch2-src/src/catch2/generators/catch_generators_all.hpp">
			<Option target="Catch2"/>
		</Unit>
		<Unit filename="/home/beafowl/Documents/oop/Zappy/_deps/catch2-src/src/catch2/generators/catch_generators_random.cpp">
			<Option target="Catch2"/>
		</Unit>
		<Unit filename="/home/beafowl/Documents/oop/Zappy/_deps/catch2-src/src/catch2/generators/catch_generators_random.hpp">
			<Option target="Catch2"/>
		</Unit>
		<Unit filename="/home/beafowl/Documents/oop/Zappy/_deps/catch2-src/src/catch2/generators/catch_generators_range.hpp">
			<Option target="Catch2"/>
		</Unit>
		<Unit filename="/home/beafowl/Documents/oop/Zappy/_deps/catch2-src/src/catch2/interfaces/catch_interfaces_all.hpp">
			<Option target="Catch2"/>
		</Unit>
		<Unit filename="/home/beafowl/Documents/oop/Zappy/_deps/catch2-src/src/catch2/interfaces/catch_interfaces_capture.cpp">
			<Option target="Catch2"/>
		</Unit>
		<Unit filename="/home/beafowl/Documents/oop/Zappy/_deps/catch2-src/src/catch2/interfaces/catch_interfaces_capture.hpp">
			<Option target="Catch2"/>
		</Unit>
		<Unit filename="/home/beafowl/Documents/oop/Zappy/_deps/catch2-src/src/catch2/interfaces/catch_interfaces_config.cpp">
			<Option target="Catch2"/>
		</Unit>
		<Unit filename="/home/beafowl/Documents/oop/Zappy/_deps/catch2-src/src/catch2/interfaces/catch_interfaces_config.hpp">
			<Option target="Catch2"/>
		</Unit>
		<Unit filename="/home/beafowl/Documents/oop/Zappy/_deps/catch2-src/src/catch2/interfaces/catch_interfaces_enum_values_registry.hpp">
			<Option target="Catch2"/>
		</Unit>
		<Unit filename="/home/beafowl/Documents/oop/Zappy/_deps/catch2-src/src/catch2/interfaces/catch_interfaces_exception.cpp">
			<Option target="Catch2"/>
		</Unit>
		<Unit filename="/home/beafowl/Documents/oop/Zappy/_deps/catch2-src/src/catch2/interfaces/catch_interfaces_exception.hpp">
			<Option target="Catch2"/>
		</Unit>
		<Unit filename="/home/beafowl/Documents/oop/Zappy/_deps/catch2-src/src/catch2/interfaces/catch_interfaces_generatortracker.cpp">
			<Option target="Catch2"/>
		</Unit>
		<Unit filename="/home/beafowl/Documents/oop/Zappy/_deps/catch2-src/src/catch2/interfaces/catch_interfaces_generatortracker.hpp">
			<Option target="Catch2"/>
		</Unit>
		<Unit filename="/home/beafowl/Documents/oop/Zappy/_deps/catch2-src/src/catch2/interfaces/catch_interfaces_registry_hub.cpp">
			<Option target="Catch2"/>
		</Unit>
		<Unit filename="/home/beafowl/Documents/oop/Zappy/_deps/catch2-src/src/catch2/interfaces/catch_interfaces_registry_hub.hpp">
			<Option target="Catch2"/>
		</Unit>
		<Unit filename="/home/beafowl/Documents/oop/Zappy/_deps/catch2-src/src/catch2/interfaces/catch_interfaces_reporter.cpp">
			<Option target="Catch2"/>
		</Unit>
		<Unit filename="/home/beafowl/Documents/oop/Zappy/_deps/catch2-src/src/catch2/interfaces/catch_interfaces_reporter.hpp">
			<Option target="Catch2"/>
		</Unit>
		<Unit filename="/home/beafowl/Documents/oop/Zappy/_deps/catch2-src/src/catch2/interfaces/catch_interfaces_reporter_factory.cpp">
			<Option target="Catch2"/>
		</Unit>
		<Unit filename="/home/beafowl/Documents/oop/Zappy/_deps/catch2-src/src/catch2/interfaces/catch_interfaces_reporter_factory.hpp">
			<Option target="Catch2"/>
		</Unit>
		<Unit filename="/home/beafowl/Documents/oop/Zappy/_deps/catch2-src/src/catch2/interfaces/catch_interfaces_reporter_registry.cpp">
			<Option target="Catch2"/>
		</Unit>
		<Unit filename="/home/beafowl/Documents/oop/Zappy/_deps/catch2-src/src/catch2/interfaces/catch_interfaces_reporter_registry.hpp">
			<Option target="Catch2"/>
		</Unit>
		<Unit filename="/home/beafowl/Documents/oop/Zappy/_deps/catch2-src/src/catch2/interfaces/catch_interfaces_tag_alias_registry.hpp">
			<Option target="Catch2"/>
		</Unit>
		<Unit filename="/home/beafowl/Documents/oop/Zappy/_deps/catch2-src/src/catch2/interfaces/catch_interfaces_testcase.cpp">
			<Option target="Catch2"/>
		</Unit>
		<Unit filename="/home/beafowl/Documents/oop/Zappy/_deps/catch2-src/src/catch2/interfaces/catch_interfaces_testcase.hpp">
			<Option target="Catch2"/>
		</Unit>
		<Unit filename="/home/beafowl/Documents/oop/Zappy/_deps/catch2-src/src/catch2/internal/catch_assertion_handler.cpp">
			<Option target="Catch2"/>
		</Unit>
		<Unit filename="/home/beafowl/Documents/oop/Zappy/_deps/catch2-src/src/catch2/internal/catch_assertion_handler.hpp">
			<Option target="Catch2"/>
		</Unit>
		<Unit filename="/home/beafowl/Documents/oop/Zappy/_deps/catch2-src/src/catch2/internal/catch_case_insensitive_comparisons.cpp">
			<Option target="Catch2"/>
		</Unit>
		<Unit filename="/home/beafowl/Documents/oop/Zappy/_deps/catch2-src/src/catch2/internal/catch_case_insensitive_comparisons.hpp">
			<Option target="Catch2"/>
		</Unit>
		<Unit filename="/home/beafowl/Documents/oop/Zappy/_deps/catch2-src/src/catch2/internal/catch_case_sensitive.hpp">
			<Option target="Catch2"/>
		</Unit>
		<Unit filename="/home/beafowl/Documents/oop/Zappy/_deps/catch2-src/src/catch2/internal/catch_clara.cpp">
			<Option target="Catch2"/>
		</Unit>
		<Unit filename="/home/beafowl/Documents/oop/Zappy/_deps/catch2-src/src/catch2/internal/catch_clara.hpp">
			<Option target="Catch2"/>
		</Unit>
		<Unit filename="/home/beafowl/Documents/oop/Zappy/_deps/catch2-src/src/catch2/internal/catch_commandline.cpp">
			<Option target="Catch2"/>
		</Unit>
		<Unit filename="/home/beafowl/Documents/oop/Zappy/_deps/catch2-src/src/catch2/internal/catch_commandline.hpp">
			<Option target="Catch2"/>
		</Unit>
		<Unit filename="/home/beafowl/Documents/oop/Zappy/_deps/catch2-src/src/catch2/internal/catch_compare_traits.hpp">
			<Option target="Catch2"/>
		</Unit>
		<Unit filename="/home/beafowl/Documents/oop/Zappy/_deps/catch2-src/src/catch2/internal/catch_compiler_capabilities.hpp">
			<Option target="Catch2"/>
		</Unit>
		<Unit filename="/home/beafowl/Documents/oop/Zappy/_deps/catch2-src/src/catch2/internal/catch_config_android_logwrite.hpp">
			<Option target="Catch2"/>
		</Unit>
		<Unit filename="/home/beafowl/Documents/oop/Zappy/_deps/catch2-src/src/catch2/internal/catch_config_counter.hpp">
			<Option target="Catch2"/>
		</Unit>
		<Unit filename="/home/beafowl/Documents/oop/Zappy/_deps/catch2-src/src/catch2/internal/catch_config_uncaught_exceptions.hpp">
			<Option target="Catch2"/>
		</Unit>
		<Unit filename="/home/beafowl/Documents/oop/Zappy/_deps/catch2-src/src/catch2/internal/catch_config_wchar.hpp">
			<Option target="Catch2"/>
		</Unit>
		<Unit filename="/home/beafowl/Documents/oop/Zappy/_deps/catch2-src/src/catch2/internal/catch_console_colour.cpp">
			<Option target="Catch2"/>
		</Unit>
		<Unit filename="/home/beafowl/Documents/oop/Zappy/_deps/catch2-src/src/catch2/internal/catch_console_colour.hpp">
			<Option target="Catch2"/>
		</Unit>
		<Unit filename="/home/beafowl/Documents/oop/Zappy/_deps/catch2-src/src/catch2/internal/catch_console_width.hpp">
			<Option target="Catch2"/>
		</Unit>
		<Unit filename="/home/beafowl/Documents/oop/Zappy/_deps/catch2-src/src/catch2/internal/catch_container_nonmembers.hpp">
			<Option target="Catch2"/>
		</Unit>
		<Unit filename="/home/beafowl/Documents/oop/Zappy/_deps/catch2-src/src/catch2/internal/catch_context.cpp">
			<Option target="Catch2"/>
		</Unit>
		<Unit filename="/home/beafowl/Documents/oop/Zappy/_deps/catch2-src/src/catch2/internal/catch_context.hpp">
			<Option target="Catch2"/>
		</Unit>
		<Unit filename="/home/beafowl/Documents/oop/Zappy/_deps/catch2-src/src/catch2/internal/catch_debug_console.cpp">
			<Option target="Catch2"/>
		</Unit>
		<Unit filename="/home/beafowl/Documents/oop/Zappy/_deps/catch2-src/src/catch2/internal/catch_debug_console.hpp">
			<Option target="Catch2"/>
		</Unit>
		<Unit filename="/home/beafowl/Documents/oop/Zappy/_deps/catch2-src/src/catch2/internal/catch_debugger.cpp">
			<Option target="Catch2"/>
		</Unit>
		<Unit filename="/home/beafowl/Documents/oop/Zappy/_deps/catch2-src/src/catch2/internal/catch_debugger.hpp">
			<Option target="Catch2"/>
		</Unit>
		<Unit filename="/home/beafowl/Documents/oop/Zappy/_deps/catch2-src/src/catch2/internal/catch_decomposer.cpp">
			<Option target="Catch2"/>
		</Unit>
		<Unit filename="/home/beafowl/Documents/oop/Zappy/_deps/catch2-src/src/catch2/internal/catch_decomposer.hpp">
			<Option target="Catch2"/>
		</Unit>
		<Unit filename="/home/beafowl/Documents/oop/Zappy/_deps/catch2-src/src/catch2/internal/catch_enforce.cpp">
			<Option target="Catch2"/>
		</Unit>
		<Unit filename="/home/beafowl/Documents/oop/Zappy/_deps/catch2-src/src/catch2/internal/catch_enforce.hpp">
			<Option target="Catch2"/>
		</Unit>
		<Unit filename="/home/beafowl/Documents/oop/Zappy/_deps/catch2-src/src/catch2/internal/catch_enum_values_registry.cpp">
			<Option target="Catch2"/>
		</Unit>
		<Unit filename="/home/beafowl/Documents/oop/Zappy/_deps/catch2-src/src/catch2/internal/catch_enum_values_registry.hpp">
			<Option target="Catch2"/>
		</Unit>
		<Unit filename="/home/beafowl/Documents/oop/Zappy/_deps/catch2-src/src/catch2/internal/catch_errno_guard.cpp">
			<Option target="Catch2"/>
		</Unit>
		<Unit filename="/home/beafowl/Documents/oop/Zappy/_deps/catch2-src/src/catch2/internal/catch_errno_guard.hpp">
			<Option target="Catch2"/>
		</Unit>
		<Unit filename="/home/beafowl/Documents/oop/Zappy/_deps/catch2-src/src/catch2/internal/catch_exception_translator_registry.cpp">
			<Option target="Catch2"/>
		</Unit>
		<Unit filename="/home/beafowl/Documents/oop/Zappy/_deps/catch2-src/src/catch2/internal/catch_exception_translator_registry.hpp">
			<Option target="Catch2"/>
		</Unit>
		<Unit filename="/home/beafowl/Documents/oop/Zappy/_deps/catch2-src/src/catch2/internal/catch_fatal_condition_handler.cpp">
			<Option target="Catch2"/>
		</Unit>
		<Unit filename="/home/beafowl/Documents/oop/Zappy/_deps/catch2-src/src/catch2/internal/catch_fatal_condition_handler.hpp">
			<Option target="Catch2"/>
		</Unit>
		<Unit filename="/home/beafowl/Documents/oop/Zappy/_deps/catch2-src/src/catch2/internal/catch_floating_point_helpers.cpp">
			<Option target="Catch2"/>
		</Unit>
		<Unit filename="/home/beafowl/Documents/oop/Zappy/_deps/catch2-src/src/catch2/internal/catch_floating_point_helpers.hpp">
			<Option target="Catch2"/>
		</Unit>
		<Unit filename="/home/beafowl/Documents/oop/Zappy/_deps/catch2-src/src/catch2/internal/catch_getenv.cpp">
			<Option target="Catch2"/>
		</Unit>
		<Unit filename="/home/beafowl/Documents/oop/Zappy/_deps/catch2-src/src/catch2/internal/catch_getenv.hpp">
			<Option target="Catch2"/>
		</Unit>
		<Unit filename="/home/beafowl/Documents/oop/Zappy/_deps/catch2-src/src/catch2/internal/catch_is_permutation.hpp">
			<Option target="Catch2"/>
		</Unit>
		<Unit filename="/home/beafowl/Documents/oop/Zappy/_deps/catch2-src/src/catch2/internal/catch_istream.cpp">
			<Option target="Catch2"/>
		</Unit>
		<Unit filename="/home/beafowl/Documents/oop/Zappy/_deps/catch2-src/src/catch2/internal/catch_istream.hpp">
			<Option target="Catch2"/>
		</Unit>
		<Unit filename="/home/beafowl/Documents/oop/Zappy/_deps/catch2-src/src/catch2/internal/catch_lazy_expr.cpp">
			<Option target="Catch2"/>
		</Unit>
		<Unit filename="/home/beafowl/Documents/oop/Zappy/_deps/catch2-src/src/catch2/internal/catch_lazy_expr.hpp">
			<Option target="Catch2"/>
		</Unit>
		<Unit filename="/home/beafowl/Documents/oop/Zappy/_deps/catch2-src/src/catch2/internal/catch_leak_detector.cpp">
			<Option target="Catch2"/>
		</Unit>
		<Unit filename="/home/beafowl/Documents/oop/Zappy/_deps/catch2-src/src/catch2/internal/catch_leak_detector.hpp">
			<Option target="Catch2"/>
		</Unit>
		<Unit filename="/home/beafowl/Documents/oop/Zappy/_deps/catch2-src/src/catch2/internal/catch_list.cpp">
			<Option target="Catch2"/>
		</Unit>
		<Unit filename="/home/beafowl/Documents/oop/Zappy/_deps/catch2-src/src/catch2/internal/catch_list.hpp">
			<Option target="Catch2"/>
		</Unit>
		<Unit filename="/home/beafowl/Documents/oop/Zappy/_deps/catch2-src/src/catch2/internal/catch_logical_traits.hpp">
			<Option target="Catch2"/>
		</Unit>
		<Unit filename="/home/beafowl/Documents/oop/Zappy/_deps/catch2-src/src/catch2/internal/catch_main.cpp">
			<Option target="Catch2WithMain"/>
		</Unit>
		<Unit filename="/home/beafowl/Documents/oop/Zappy/_deps/catch2-src/src/catch2/internal/catch_message_info.cpp">
			<Option target="Catch2"/>
		</Unit>
		<Unit filename="/home/beafowl/Documents/oop/Zappy/_deps/catch2-src/src/catch2/internal/catch_message_info.hpp">
			<Option target="Catch2"/>
		</Unit>
		<Unit filename="/home/beafowl/Documents/oop/Zappy/_deps/catch2-src/src/catch2/internal/catch_meta.hpp">
			<Option target="Catch2"/>
		</Unit>
		<Unit filename="/home/beafowl/Documents/oop/Zappy/_deps/catch2-src/src/catch2/internal/catch_move_and_forward.hpp">
			<Option target="Catch2"/>
		</Unit>
		<Unit filename="/home/beafowl/Documents/oop/Zappy/_deps/catch2-src/src/catch2/internal/catch_noncopyable.hpp">
			<Option target="Catch2"/>
		</Unit>
		<Unit filename="/home/beafowl/Documents/oop/Zappy/_deps/catch2-src/src/catch2/internal/catch_optional.hpp">
			<Option target="Catch2"/>
		</Unit>
		<Unit filename="/home/beafowl/Documents/oop/Zappy/_deps/catch2-src/src/catch2/internal/catch_output_redirect.cpp">
			<Option target="Catch2"/>
		</Unit>
		<Unit filename="/home/beafowl/Documents/oop/Zappy/_deps/catch2-src/src/catch2/internal/catch_output_redirect.hpp">
			<Option target="Catch2"/>
		</Unit>
		<Unit filename="/home/beafowl/Documents/oop/Zappy/_deps/catch2-src/src/catch2/internal/catch_parse_numbers.cpp">
			<Option target="Catch2"/>
		</Unit>
		<Unit filename="/home/beafowl/Documents/oop/Zappy/_deps/catch2-src/src/catch2/internal/catch_parse_numbers.hpp">
			<Option target="Catch2"/>
		</Unit>
		<Unit filename="/home/beafowl/Documents/oop/Zappy/_deps/catch2-src/src/catch2/internal/catch_platform.hpp">
			<Option target="Catch2"/>
		</Unit>
		<Unit filename="/home/beafowl/Documents/oop/Zappy/_deps/catch2-src/src/catch2/internal/catch_polyfills.cpp">
			<Option target="Catch2"/>
		</Unit>
		<Unit filename="/home/beafowl/Documents/oop/Zappy/_deps/catch2-src/src/catch2/internal/catch_polyfills.hpp">
			<Option target="Catch2"/>
		</Unit>
		<Unit filename="/home/beafowl/Documents/oop/Zappy/_deps/catch2-src/src/catch2/internal/catch_preprocessor.hpp">
			<Option target="Catch2"/>
		</Unit>
		<Unit filename="/home/beafowl/Documents/oop/Zappy/_deps/catch2-src/src/catch2/internal/catch_preprocessor_remove_parens.hpp">
			<Option target="Catch2"/>
		</Unit>
		<Unit filename="/home/beafowl/Documents/oop/Zappy/_deps/catch2-src/src/catch2/internal/catch_random_number_generator.cpp">
			<Option target="Catch2"/>
		</Unit>
		<Unit filename="/home/beafowl/Documents/oop/Zappy/_deps/catch2-src/src/catch2/internal/catch_random_number_generator.hpp">
			<Option target="Catch2"/>
		</Unit>
		<Unit filename="/home/beafowl/Documents/oop/Zappy/_deps/catch2-src/src/catch2/internal/catch_random_seed_generation.cpp">
			<Option target="Catch2"/>
		</Unit>
		<Unit filename="/home/beafowl/Documents/oop/Zappy/_deps/catch2-src/src/catch2/internal/catch_random_seed_generation.hpp">
			<Option target="Catch2"/>
		</Unit>
		<Unit filename="/home/beafowl/Documents/oop/Zappy/_deps/catch2-src/src/catch2/internal/catch_reporter_registry.cpp">
			<Option target="Catch2"/>
		</Unit>
		<Unit filename="/home/beafowl/Documents/oop/Zappy/_deps/catch2-src/src/catch2/internal/catch_reporter_registry.hpp">
			<Option target="Catch2"/>
		</Unit>
		<Unit filename="/home/beafowl/Documents/oop/Zappy/_deps/catch2-src/src/catch2/internal/catch_reporter_spec_parser.cpp">
			<Option target="Catch2"/>
		</Unit>
		<Unit filename="/home/beafowl/Documents/oop/Zappy/_deps/catch2-src/src/catch2/internal/catch_reporter_spec_parser.hpp">
			<Option target="Catch2"/>
		</Unit>
		<Unit filename="/home/beafowl/Documents/oop/Zappy/_deps/catch2-src/src/catch2/internal/catch_result_type.cpp">
			<Option target="Catch2"/>
		</Unit>
		<Unit filename="/home/beafowl/Documents/oop/Zappy/_deps/catch2-src/src/catch2/internal/catch_result_type.hpp">
			<Option target="Catch2"/>
		</Unit>
		<Unit filename="/home/beafowl/Documents/oop/Zappy/_deps/catch2-src/src/catch2/internal/catch_reusable_string_stream.cpp">
			<Option target="Catch2"/>
		</Unit>
		<Unit filename="/home/beafowl/Documents/oop/Zappy/_deps/catch2-src/src/catch2/internal/catch_reusable_string_stream.hpp">
			<Option target="Catch2"/>
		</Unit>
		<Unit filename="/home/beafowl/Documents/oop/Zappy/_deps/catch2-src/src/catch2/internal/catch_run_context.cpp">
			<Option target="Catch2"/>
		</Unit>
		<Unit filename="/home/beafowl/Documents/oop/Zappy/_deps/catch2-src/src/catch2/internal/catch_run_context.hpp">
			<Option target="Catch2"/>
		</Unit>
		<Unit filename="/home/beafowl/Documents/oop/Zappy/_deps/catch2-src/src/catch2/internal/catch_section.cpp">
			<Option target="Catch2"/>
		</Unit>
		<Unit filename="/home/beafowl/Documents/oop/Zappy/_deps/catch2-src/src/catch2/internal/catch_section.hpp">
			<Option target="Catch2"/>
		</Unit>
		<Unit filename="/home/beafowl/Documents/oop/Zappy/_deps/catch2-src/src/catch2/internal/catch_sharding.hpp">
			<Option target="Catch2"/>
		</Unit>
		<Unit filename="/home/beafowl/Documents/oop/Zappy/_deps/catch2-src/src/catch2/internal/catch_singletons.cpp">
			<Option target="Catch2"/>
		</Unit>
		<Unit filename="/home/beafowl/Documents/oop/Zappy/_deps/catch2-src/src/catch2/internal/catch_singletons.hpp">
			<Option target="Catch2"/>
		</Unit>
		<Unit filename="/home/beafowl/Documents/oop/Zappy/_deps/catch2-src/src/catch2/internal/catch_source_line_info.cpp">
			<Option target="Catch2"/>
		</Unit>
		<Unit filename="/home/beafowl/Documents/oop/Zappy/_deps/catch2-src/src/catch2/internal/catch_source_line_info.hpp">
			<Option target="Catch2"/>
		</Unit>
		<Unit filename="/home/beafowl/Documents/oop/Zappy/_deps/catch2-src/src/catch2/internal/catch_startup_exception_registry.cpp">
			<Option target="Catch2"/>
		</Unit>
		<Unit filename="/home/beafowl/Documents/oop/Zappy/_deps/catch2-src/src/catch2/internal/catch_startup_exception_registry.hpp">
			<Option target="Catch2"/>
		</Unit>
		<Unit filename="/home/beafowl/Documents/oop/Zappy/_deps/catch2-src/src/catch2/internal/catch_stdstreams.cpp">
			<Option target="Catch2"/>
		</Unit>
		<Unit filename="/home/beafowl/Documents/oop/Zappy/_deps/catch2-src/src/catch2/internal/catch_stdstreams.hpp">
			<Option target="Catch2"/>
		</Unit>
		<Unit filename="/home/beafowl/Documents/oop/Zappy/_deps/catch2-src/src/catch2/internal/catch_stream_end_stop.hpp">
			<Option target="Catch2"/>
		</Unit>
		<Unit filename="/home/beafowl/Documents/oop/Zappy/_deps/catch2-src/src/catch2/internal/catch_string_manip.cpp">
			<Option target="Catch2"/>
		</Unit>
		<Unit filename="/home/beafowl/Documents/oop/Zappy/_deps/catch2-src/src/catch2/internal/catch_string_manip.hpp">
			<Option target="Catch2"/>
		</Unit>
		<Unit filename="/home/beafowl/Documents/oop/Zappy/_deps/catch2-src/src/catch2/internal/catch_stringref.cpp">
			<Option target="Catch2"/>
		</Unit>
		<Unit filename="/home/beafowl/Documents/oop/Zappy/_deps/catch2-src/src/catch2/internal/catch_stringref.hpp">
			<Option target="Catch2"/>
		</Unit>
		<Unit filename="/home/beafowl/Documents/oop/Zappy/_deps/catch2-src/src/catch2/internal/catch_tag_alias_registry.cpp">
			<Option target="Catch2"/>
		</Unit>
		<Unit filename="/home/beafowl/Documents/oop/Zappy/_deps/catch2-src/src/catch2/internal/catch_tag_alias_registry.hpp">
			<Option target="Catch2"/>
		</Unit>
		<Unit filename="/home/beafowl/Documents/oop/Zappy/_deps/catch2-src/src/catch2/internal/catch_template_test_registry.hpp">
			<Option target="Catch2"/>
		</Unit>
		<Unit filename="/home/beafowl/Documents/oop/Zappy/_deps/catch2-src/src/catch2/internal/catch_test_case_info_hasher.cpp">
			<Option target="Catch2"/>
		</Unit>
		<Unit filename="/home/beafowl/Documents/oop/Zappy/_deps/catch2-src/src/catch2/internal/catch_test_case_info_hasher.hpp">
			<Option target="Catch2"/>
		</Unit>
		<Unit filename="/home/beafowl/Documents/oop/Zappy/_deps/catch2-src/src/catch2/internal/catch_test_case_registry_impl.cpp">
			<Option target="Catch2"/>
		</Unit>
		<Unit filename="/home/beafowl/Documents/oop/Zappy/_deps/catch2-src/src/catch2/internal/catch_test_case_registry_impl.hpp">
			<Option target="Catch2"/>
		</Unit>
		<Unit filename="/home/beafowl/Documents/oop/Zappy/_deps/catch2-src/src/catch2/internal/catch_test_case_tracker.cpp">
			<Option target="Catch2"/>
		</Unit>
		<Unit filename="/home/beafowl/Documents/oop/Zappy/_deps/catch2-src/src/catch2/internal/catch_test_case_tracker.hpp">
			<Option target="Catch2"/>
		</Unit>
		<Unit filename="/home/beafowl/Documents/oop/Zappy/_deps/catch2-src/src/catch2/internal/catch_test_failure_exception.cpp">
			<Option target="Catch2"/>
		</Unit>
		<Unit filename="/home/beafowl/Documents/oop/Zappy/_deps/catch2-src/src/catch2/internal/catch_test_failure_exception.hpp">
			<Option target="Catch2"/>
		</Unit>
		<Unit filename="/home/beafowl/Documents/oop/Zappy/_deps/catch2-src/src/catch2/internal/catch_test_macro_impl.hpp">
			<Option target="Catch2"/>
		</Unit>
		<Unit filename="/home/beafowl/Documents/oop/Zappy/_deps/catch2-src/src/catch2/internal/catch_test_registry.cpp">
			<Option target="Catch2"/>
		</Unit>
		<Unit filename="/home/beafowl/Documents/oop/Zappy/_deps/catch2-src/src/catch2/internal/catch_test_registry.hpp">
			<Option target="Catch2"/>
		</Unit>
		<Unit filename="/home/beafowl/Documents/oop/Zappy/_deps/catch2-src/src/catch2/internal/catch_test_spec_parser.cpp">
			<Option target="Catch2"/>
		</Unit>
		<Unit filename="/home/beafowl/Documents/oop/Zappy/_deps/catch2-src/src/catch2/internal/catch_test_spec_parser.hpp">
			<Option target="Catch2"/>
		</Unit>
		<Unit filename="/home/beafowl/Documents/oop/Zappy/_deps/catch2-src/src/catch2/internal/catch_textflow.cpp">
			<Option target="Catch2"/>
		</Unit>
		<Unit filename="/home/beafowl/Documents/oop/Zappy/_deps/catch2-src/src/catch2/internal/catch_textflow.hpp">
			<Option target="Catch2"/>
		</Unit>
		<Unit filename="/home/beafowl/Documents/oop/Zappy/_deps/catch2-src/src/catch2/internal/catch_to_string.hpp">
			<Option target="Catch2"/>
		</Unit>
		<Unit filename="/home/beafowl/Documents/oop/Zappy/_deps/catch2-src/src/catch2/internal/catch_uncaught_exceptions.cpp">
			<Option target="Catch2"/>
		</Unit>
		<Unit filename="/home/beafowl/Documents/oop/Zappy/_deps/catch2-src/src/catch2/internal/catch_uncaught_exceptions.hpp">
			<Option target="Catch2"/>
		</Unit>
		<Unit filename="/home/beafowl/Documents/oop/Zappy/_deps/catch2-src/src/catch2/internal/catch_unique_name.hpp">
			<Option target="Catch2"/>
		</Unit>
		<Unit filename="/home/beafowl/Documents/oop/Zappy/_deps/catch2-src/src/catch2/internal/catch_unique_ptr.hpp">
			<Option target="Catch2"/>
		</Unit>
		<Unit filename="/home/beafowl/Documents/oop/Zappy/_deps/catch2-src/src/catch2/internal/catch_void_type.hpp">
			<Option target="Catch2"/>
		</Unit>
		<Unit filename="/home/beafowl/Documents/oop/Zappy/_deps/catch2-src/src/catch2/internal/catch_wildcard_pattern.cpp">
			<Option target="Catch2"/>
		</Unit>
		<Unit filename="/home/beafowl/Documents/oop/Zappy/_deps/catch2-src/src/catch2/internal/catch_wildcard_pattern.hpp">
			<Option target="Catch2"/>
		</Unit>
		<Unit filename="/home/beafowl/Documents/oop/Zappy/_deps/catch2-src/src/catch2/internal/catch_windows_h_proxy.hpp">
			<Option target="Catch2"/>
		</Unit>
		<Unit filename="/home/beafowl/Documents/oop/Zappy/_deps/catch2-src/src/catch2/internal/catch_xmlwriter.cpp">
			<Option target="Catch2"/>
		</Unit>
		<Unit filename="/home/beafowl/Documents/oop/Zappy/_deps/catch2-src/src/catch2/internal/catch_xmlwriter.hpp">
			<Option target="Catch2"/>
		</Unit>
		<Unit filename="/home/beafowl/Documents/oop/Zappy/_deps/catch2-src/src/catch2/matchers/catch_matchers.cpp">
			<Option target="Catch2"/>
		</Unit>
		<Unit filename="/home/beafowl/Documents/oop/Zappy/_deps/catch2-src/src/catch2/matchers/catch_matchers.hpp">
			<Option target="Catch2"/>
		</Unit>
		<Unit filename="/home/beafowl/Documents/oop/Zappy/_deps/catch2-src/src/catch2/matchers/catch_matchers_all.hpp">
			<Option target="Catch2"/>
		</Unit>
		<Unit filename="/home/beafowl/Documents/oop/Zappy/_deps/catch2-src/src/catch2/matchers/catch_matchers_container_properties.cpp">
			<Option target="Catch2"/>
		</Unit>
		<Unit filename="/home/beafowl/Documents/oop/Zappy/_deps/catch2-src/src/catch2/matchers/catch_matchers_container_properties.hpp">
			<Option target="Catch2"/>
		</Unit>
		<Unit filename="/home/beafowl/Documents/oop/Zappy/_deps/catch2-src/src/catch2/matchers/catch_matchers_contains.hpp">
			<Option target="Catch2"/>
		</Unit>
		<Unit filename="/home/beafowl/Documents/oop/Zappy/_deps/catch2-src/src/catch2/matchers/catch_matchers_exception.cpp">
			<Option target="Catch2"/>
		</Unit>
		<Unit filename="/home/beafowl/Documents/oop/Zappy/_deps/catch2-src/src/catch2/matchers/catch_matchers_exception.hpp">
			<Option target="Catch2"/>
		</Unit>
		<Unit filename="/home/beafowl/Documents/oop/Zappy/_deps/catch2-src/src/catch2/matchers/catch_matchers_floating_point.cpp">
			<Option target="Catch2"/>
		</Unit>
		<Unit filename="/home/beafowl/Documents/oop/Zappy/_deps/catch2-src/src/catch2/matchers/catch_matchers_floating_point.hpp">
			<Option target="Catch2"/>
		</Unit>
		<Unit filename="/home/beafowl/Documents/oop/Zappy/_deps/catch2-src/src/catch2/matchers/catch_matchers_predicate.cpp">
			<Option target="Catch2"/>
		</Unit>
		<Unit filename="/home/beafowl/Documents/oop/Zappy/_deps/catch2-src/src/catch2/matchers/catch_matchers_predicate.hpp">
			<Option target="Catch2"/>
		</Unit>
		<Unit filename="/home/beafowl/Documents/oop/Zappy/_deps/catch2-src/src/catch2/matchers/catch_matchers_quantifiers.cpp">
			<Option target="Catch2"/>
		</Unit>
		<Unit filename="/home/beafowl/Documents/oop/Zappy/_deps/catch2-src/src/catch2/matchers/catch_matchers_quantifiers.hpp">
			<Option target="Catch2"/>
		</Unit>
		<Unit filename="/home/beafowl/Documents/oop/Zappy/_deps/catch2-src/src/catch2/matchers/catch_matchers_range_equals.hpp">
			<Option target="Catch2"/>
		</Unit>
		<Unit filename="/home/beafowl/Documents/oop/Zappy/_deps/catch2-src/src/catch2/matchers/catch_matchers_string.cpp">
			<Option target="Catch2"/>
		</Unit>
		<Unit filename="/home/beafowl/Documents/oop/Zappy/_deps/catch2-src/src/catch2/matchers/catch_matchers_string.hpp">
			<Option target="Catch2"/>
		</Unit>
		<Unit filename="/home/beafowl/Documents/oop/Zappy/_deps/catch2-src/src/catch2/matchers/catch_matchers_templated.cpp">
			<Option target="Catch2"/>
		</Unit>
		<Unit filename="/home/beafowl/Documents/oop/Zappy/_deps/catch2-src/src/catch2/matchers/catch_matchers_templated.hpp">
			<Option target="Catch2"/>
		</Unit>
		<Unit filename="/home/beafowl/Documents/oop/Zappy/_deps/catch2-src/src/catch2/matchers/catch_matchers_vector.hpp">
			<Option target="Catch2"/>
		</Unit>
		<Unit filename="/home/beafowl/Documents/oop/Zappy/_deps/catch2-src/src/catch2/matchers/internal/catch_matchers_impl.cpp">
			<Option target="Catch2"/>
		</Unit>
		<Unit filename="/home/beafowl/Documents/oop/Zappy/_deps/catch2-src/src/catch2/matchers/internal/catch_matchers_impl.hpp">
			<Option target="Catch2"/>
		</Unit>
		<Unit filename="/home/beafowl/Documents/oop/Zappy/_deps/catch2-src/src/catch2/reporters/catch_reporter_automake.cpp">
			<Option target="Catch2"/>
		</Unit>
		<Unit filename="/home/beafowl/Documents/oop/Zappy/_deps/catch2-src/src/catch2/reporters/catch_reporter_automake.hpp">
			<Option target="Catch2"/>
		</Unit>
		<Unit filename="/home/beafowl/Documents/oop/Zappy/_deps/catch2-src/src/catch2/reporters/catch_reporter_common_base.cpp">
			<Option target="Catch2"/>
		</Unit>
		<Unit filename="/home/beafowl/Documents/oop/Zappy/_deps/catch2-src/src/catch2/reporters/catch_reporter_common_base.hpp">
			<Option target="Catch2"/>
		</Unit>
		<Unit filename="/home/beafowl/Documents/oop/Zappy/_deps/catch2-src/src/catch2/reporters/catch_reporter_compact.cpp">
			<Option target="Catch2"/>
		</Unit>
		<Unit filename="/home/beafowl/Documents/oop/Zappy/_deps/catch2-src/src/catch2/reporters/catch_reporter_compact.hpp">
			<Option target="Catch2"/>
		</Unit>
		<Unit filename="/home/beafowl/Documents/oop/Zappy/_deps/catch2-src/src/catch2/reporters/catch_reporter_console.cpp">
			<Option target="Catch2"/>
		</Unit>
		<Unit filename="/home/beafowl/Documents/oop/Zappy/_deps/catch2-src/src/catch2/reporters/catch_reporter_console.hpp">
			<Option target="Catch2"/>
		</Unit>
		<Unit filename="/home/beafowl/Documents/oop/Zappy/_deps/catch2-src/src/catch2/reporters/catch_reporter_cumulative_base.cpp">
			<Option target="Catch2"/>
		</Unit>
		<Unit filename="/home/beafowl/Documents/oop/Zappy/_deps/catch2-src/src/catch2/reporters/catch_reporter_cumulative_base.hpp">
			<Option target="Catch2"/>
		</Unit>
		<Unit filename="/home/beafowl/Documents/oop/Zappy/_deps/catch2-src/src/catch2/reporters/catch_reporter_event_listener.cpp">
			<Option target="Catch2"/>
		</Unit>
		<Unit filename="/home/beafowl/Documents/oop/Zappy/_deps/catch2-src/src/catch2/reporters/catch_reporter_event_listener.hpp">
			<Option target="Catch2"/>
		</Unit>
		<Unit filename="/home/beafowl/Documents/oop/Zappy/_deps/catch2-src/src/catch2/reporters/catch_reporter_helpers.cpp">
			<Option target="Catch2"/>
		</Unit>
		<Unit filename="/home/beafowl/Documents/oop/Zappy/_deps/catch2-src/src/catch2/reporters/catch_reporter_helpers.hpp">
			<Option target="Catch2"/>
		</Unit>
		<Unit filename="/home/beafowl/Documents/oop/Zappy/_deps/catch2-src/src/catch2/reporters/catch_reporter_junit.cpp">
			<Option target="Catch2"/>
		</Unit>
		<Unit filename="/home/beafowl/Documents/oop/Zappy/_deps/catch2-src/src/catch2/reporters/catch_reporter_junit.hpp">
			<Option target="Catch2"/>
		</Unit>
		<Unit filename="/home/beafowl/Documents/oop/Zappy/_deps/catch2-src/src/catch2/reporters/catch_reporter_multi.cpp">
			<Option target="Catch2"/>
		</Unit>
		<Unit filename="/home/beafowl/Documents/oop/Zappy/_deps/catch2-src/src/catch2/reporters/catch_reporter_multi.hpp">
			<Option target="Catch2"/>
		</Unit>
		<Unit filename="/home/beafowl/Documents/oop/Zappy/_deps/catch2-src/src/catch2/reporters/catch_reporter_registrars.cpp">
			<Option target="Catch2"/>
		</Unit>
		<Unit filename="/home/beafowl/Documents/oop/Zappy/_deps/catch2-src/src/catch2/reporters/catch_reporter_registrars.hpp">
			<Option target="Catch2"/>
		</Unit>
		<Unit filename="/home/beafowl/Documents/oop/Zappy/_deps/catch2-src/src/catch2/reporters/catch_reporter_sonarqube.cpp">
			<Option target="Catch2"/>
		</Unit>
		<Unit filename="/home/beafowl/Documents/oop/Zappy/_deps/catch2-src/src/catch2/reporters/catch_reporter_sonarqube.hpp">
			<Option target="Catch2"/>
		</Unit>
		<Unit filename="/home/beafowl/Documents/oop/Zappy/_deps/catch2-src/src/catch2/reporters/catch_reporter_streaming_base.cpp">
			<Option target="Catch2"/>
		</Unit>
		<Unit filename="/home/beafowl/Documents/oop/Zappy/_deps/catch2-src/src/catch2/reporters/catch_reporter_streaming_base.hpp">
			<Option target="Catch2"/>
		</Unit>
		<Unit filename="/home/beafowl/Documents/oop/Zappy/_deps/catch2-src/src/catch2/reporters/catch_reporter_tap.cpp">
			<Option target="Catch2"/>
		</Unit>
		<Unit filename="/home/beafowl/Documents/oop/Zappy/_deps/catch2-src/src/catch2/reporters/catch_reporter_tap.hpp">
			<Option target="Catch2"/>
		</Unit>
		<Unit filename="/home/beafowl/Documents/oop/Zappy/_deps/catch2-src/src/catch2/reporters/catch_reporter_teamcity.cpp">
			<Option target="Catch2"/>
		</Unit>
		<Unit filename="/home/beafowl/Documents/oop/Zappy/_deps/catch2-src/src/catch2/reporters/catch_reporter_teamcity.hpp">
			<Option target="Catch2"/>
		</Unit>
		<Unit filename="/home/beafowl/Documents/oop/Zappy/_deps/catch2-src/src/catch2/reporters/catch_reporter_xml.cpp">
			<Option target="Catch2"/>
		</Unit>
		<Unit filename="/home/beafowl/Documents/oop/Zappy/_deps/catch2-src/src/catch2/reporters/catch_reporter_xml.hpp">
			<Option target="Catch2"/>
		</Unit>
		<Unit filename="/home/beafowl/Documents/oop/Zappy/_deps/catch2-src/src/catch2/reporters/catch_reporters_all.hpp">
			<Option target="Catch2"/>
		</Unit>
		<Unit filename="/home/beafowl/Documents/oop/Zappy/src/gui/App.cpp">
			<Option target="zappy_gui"/>
		</Unit>
		<Unit filename="/home/beafowl/Documents/oop/Zappy/src/gui/App.hpp">
			<Option target="zappy_gui"/>
		</Unit>
		<Unit filename="/home/beafowl/Documents/oop/Zappy/src/gui/Subscriber.hpp">
			<Option target="zappy_gui"/>
		</Unit>
		<Unit filename="/home/beafowl/Documents/oop/Zappy/src/gui/cli/ClientApi.cpp">
			<Option target="zappy_gui"/>
			<Option target="test_zappy"/>
		</Unit>
		<Unit filename="/home/beafowl/Documents/oop/Zappy/src/gui/cli/ClientApi.hpp">
			<Option target="test_zappy"/>
		</Unit>
		<Unit filename="/home/beafowl/Documents/oop/Zappy/src/gui/cli/ParserData.cpp">
			<Option target="zappy_gui"/>
			<Option target="test_zappy"/>
		</Unit>
		<Unit filename="/home/beafowl/Documents/oop/Zappy/src/gui/cli/ParserData.hpp">
			<Option target="test_zappy"/>
		</Unit>
		<Unit filename="/home/beafowl/Documents/oop/Zappy/src/gui/cli/PlayerData.cpp">
			<Option target="zappy_gui"/>
			<Option target="test_zappy"/>
		</Unit>
		<Unit filename="/home/beafowl/Documents/oop/Zappy/src/gui/cli/PlayerData.hpp">
			<Option target="test_zappy"/>
		</Unit>
		<Unit filename="/home/beafowl/Documents/oop/Zappy/src/gui/cli/ServerData.hpp">
			<Option target="test_zappy"/>
		</Unit>
		<Unit filename="/home/beafowl/Documents/oop/Zappy/src/gui/handlers/FrameHandler.cpp">
			<Option target="zappy_gui"/>
		</Unit>
		<Unit filename="/home/beafowl/Documents/oop/Zappy/src/gui/handlers/FrameHandler.hpp">
			<Option target="zappy_gui"/>
		</Unit>
		<Unit filename="/home/beafowl/Documents/oop/Zappy/src/gui/handlers/events/CameraHandler.cpp">
			<Option target="zappy_gui"/>
		</Unit>
		<Unit filename="/home/beafowl/Documents/oop/Zappy/src/gui/handlers/events/CameraHandler.hpp">
			<Option target="zappy_gui"/>
		</Unit>
		<Unit filename="/home/beafowl/Documents/oop/Zappy/src/gui/handlers/events/ClickHandler.cpp">
			<Option target="zappy_gui"/>
		</Unit>
		<Unit filename="/home/beafowl/Documents/oop/Zappy/src/gui/handlers/events/ClickHandler.hpp">
			<Option target="zappy_gui"/>
		</Unit>
		<Unit filename="/home/beafowl/Documents/oop/Zappy/src/gui/handlers/events/InputHandler.cpp">
			<Option target="zappy_gui"/>
		</Unit>
		<Unit filename="/home/beafowl/Documents/oop/Zappy/src/gui/handlers/events/InputHandler.hpp">
			<Option target="zappy_gui"/>
		</Unit>
		<Unit filename="/home/beafowl/Documents/oop/Zappy/src/gui/main.cpp">
			<Option target="zappy_gui"/>
		</Unit>
		<Unit filename="/home/beafowl/Documents/oop/Zappy/src/server/core/clients_lifecycle.c">
			<Option target="zappy_server"/>
		</Unit>
		<Unit filename="/home/beafowl/Documents/oop/Zappy/src/server/core/detect_win.c">
			<Option target="zappy_server"/>
		</Unit>
		<Unit filename="/home/beafowl/Documents/oop/Zappy/src/server/core/get_next_timeout.c">
			<Option target="zappy_server"/>
		</Unit>
		<Unit filename="/home/beafowl/Documents/oop/Zappy/src/server/core/handle_client_quit.c">
			<Option target="zappy_server"/>
		</Unit>
		<Unit filename="/home/beafowl/Documents/oop/Zappy/src/server/core/handle_clients.c">
			<Option target="zappy_server"/>
		</Unit>
		<Unit filename="/home/beafowl/Documents/oop/Zappy/src/server/core/launch_server.c">
			<Option target="zappy_server"/>
		</Unit>
		<Unit filename="/home/beafowl/Documents/oop/Zappy/src/server/core/options/map_setters.c">
			<Option target="zappy_server"/>
		</Unit>
		<Unit filename="/home/beafowl/Documents/oop/Zappy/src/server/core/options/option_setters.c">
			<Option target="zappy_server"/>
		</Unit>
		<Unit filename="/home/beafowl/Documents/oop/Zappy/src/server/core/options/parse_options.c">
			<Option target="zappy_server"/>
		</Unit>
		<Unit filename="/home/beafowl/Documents/oop/Zappy/src/server/core/options/print_help.c">
			<Option target="zappy_server"/>
		</Unit>
		<Unit filename="/home/beafowl/Documents/oop/Zappy/src/server/core/read_client.c">
			<Option target="zappy_server"/>
		</Unit>
		<Unit filename="/home/beafowl/Documents/oop/Zappy/src/server/core/server_data.c">
			<Option target="zappy_server"/>
		</Unit>
		<Unit filename="/home/beafowl/Documents/oop/Zappy/src/server/core/spawn_resources.c">
			<Option target="zappy_server"/>
		</Unit>
		<Unit filename="/home/beafowl/Documents/oop/Zappy/src/server/core/welcome_single_client.c">
			<Option target="zappy_server"/>
		</Unit>
		<Unit filename="/home/beafowl/Documents/oop/Zappy/src/server/core/write_to_client.c">
			<Option target="zappy_server"/>
		</Unit>
		<Unit filename="/home/beafowl/Documents/oop/Zappy/src/server/implementation/check_player_on_tile.c">
			<Option target="zappy_server"/>
		</Unit>
		<Unit filename="/home/beafowl/Documents/oop/Zappy/src/server/implementation/get_remaining_slots.c">
			<Option target="zappy_server"/>
		</Unit>
		<Unit filename="/home/beafowl/Documents/oop/Zappy/src/server/implementation/gui/append_gui_client.c">
			<Option target="zappy_server"/>
		</Unit>
		<Unit filename="/home/beafowl/Documents/oop/Zappy/src/server/implementation/gui/cmd/bct.c">
			<Option target="zappy_server"/>
		</Unit>
		<Unit filename="/home/beafowl/Documents/oop/Zappy/src/server/implementation/gui/cmd/msz.c">
			<Option target="zappy_server"/>
		</Unit>
		<Unit filename="/home/beafowl/Documents/oop/Zappy/src/server/implementation/gui/cmd/pin.c">
			<Option target="zappy_server"/>
		</Unit>
		<Unit filename="/home/beafowl/Documents/oop/Zappy/src/server/implementation/gui/cmd/plv.c">
			<Option target="zappy_server"/>
		</Unit>
		<Unit filename="/home/beafowl/Documents/oop/Zappy/src/server/implementation/gui/cmd/ppo.c">
			<Option target="zappy_server"/>
		</Unit>
		<Unit filename="/home/beafowl/Documents/oop/Zappy/src/server/implementation/gui/cmd/seg.c">
			<Option target="zappy_server"/>
		</Unit>
		<Unit filename="/home/beafowl/Documents/oop/Zappy/src/server/implementation/gui/cmd/sgt.c">
			<Option target="zappy_server"/>
		</Unit>
		<Unit filename="/home/beafowl/Documents/oop/Zappy/src/server/implementation/gui/cmd/sst.c">
			<Option target="zappy_server"/>
		</Unit>
		<Unit filename="/home/beafowl/Documents/oop/Zappy/src/server/implementation/gui/cmd/tna.c">
			<Option target="zappy_server"/>
		</Unit>
		<Unit filename="/home/beafowl/Documents/oop/Zappy/src/server/implementation/gui/gui_cmd_executor.c">
			<Option target="zappy_server"/>
		</Unit>
		<Unit filename="/home/beafowl/Documents/oop/Zappy/src/server/implementation/input_parser.c">
			<Option target="zappy_server"/>
		</Unit>
		<Unit filename="/home/beafowl/Documents/oop/Zappy/src/server/implementation/is_player.c">
			<Option target="zappy_server"/>
		</Unit>
		<Unit filename="/home/beafowl/Documents/oop/Zappy/src/server/implementation/player/append_player_client.c">
			<Option target="zappy_server"/>
		</Unit>
		<Unit filename="/home/beafowl/Documents/oop/Zappy/src/server/implementation/player/cmd/broadcast/broadcast.c">
			<Option target="zappy_server"/>
		</Unit>
		<Unit filename="/home/beafowl/Documents/oop/Zappy/src/server/implementation/player/cmd/broadcast/get_tile_from_source.c">
			<Option target="zappy_server"/>
		</Unit>
		<Unit filename="/home/beafowl/Documents/oop/Zappy/src/server/implementation/player/cmd/connect_nbr.c">
			<Option target="zappy_server"/>
		</Unit>
		<Unit filename="/home/beafowl/Documents/oop/Zappy/src/server/implementation/player/cmd/forward.c">
			<Option target="zappy_server"/>
		</Unit>
		<Unit filename="/home/beafowl/Documents/oop/Zappy/src/server/implementation/player/cmd/inventory.c">
			<Option target="zappy_server"/>
		</Unit>
		<Unit filename="/home/beafowl/Documents/oop/Zappy/src/server/implementation/player/cmd/left.c">
			<Option target="zappy_server"/>
		</Unit>
		<Unit filename="/home/beafowl/Documents/oop/Zappy/src/server/implementation/player/cmd/look.c">
			<Option target="zappy_server"/>
		</Unit>
		<Unit filename="/home/beafowl/Documents/oop/Zappy/src/server/implementation/player/cmd/right.c">
			<Option target="zappy_server"/>
		</Unit>
		<Unit filename="/home/beafowl/Documents/oop/Zappy/src/server/implementation/player/cmd/set.c">
			<Option target="zappy_server"/>
		</Unit>
		<Unit filename="/home/beafowl/Documents/oop/Zappy/src/server/implementation/player/cmd/take.c">
			<Option target="zappy_server"/>
		</Unit>
		<Unit filename="/home/beafowl/Documents/oop/Zappy/src/server/implementation/player/get_player_by_id.c">
			<Option target="zappy_server"/>
		</Unit>
		<Unit filename="/home/beafowl/Documents/oop/Zappy/src/server/implementation/player/handle_pending_cmd.c">
			<Option target="zappy_server"/>
		</Unit>
		<Unit filename="/home/beafowl/Documents/oop/Zappy/src/server/implementation/player/handle_player_digestion.c">
			<Option target="zappy_server"/>
		</Unit>
		<Unit filename="/home/beafowl/Documents/oop/Zappy/src/server/implementation/player/kill_player.c">
			<Option target="zappy_server"/>
		</Unit>
		<Unit filename="/home/beafowl/Documents/oop/Zappy/src/server/implementation/player/player_cmd_scheduler.c">
			<Option target="zappy_server"/>
		</Unit>
		<Unit filename="/home/beafowl/Documents/oop/Zappy/src/server/main.c">
			<Option target="zappy_server"/>
		</Unit>
		<Unit filename="/home/beafowl/Documents/oop/Zappy/src/server/utils/calc_outbound.c">
			<Option target="zappy_server"/>
		</Unit>
		<Unit filename="/home/beafowl/Documents/oop/Zappy/src/server/utils/concat_str.c">
			<Option target="zappy_server"/>
		</Unit>
		<Unit filename="/home/beafowl/Documents/oop/Zappy/src/server/utils/concat_word_array.c">
			<Option target="zappy_server"/>
		</Unit>
		<Unit filename="/home/beafowl/Documents/oop/Zappy/src/server/utils/free_word_array.c">
			<Option target="zappy_server"/>
		</Unit>
		<Unit filename="/home/beafowl/Documents/oop/Zappy/src/server/utils/get_ms_since_epoch.c">
			<Option target="zappy_server"/>
		</Unit>
		<Unit filename="/home/beafowl/Documents/oop/Zappy/src/server/utils/get_sockaddr.c">
			<Option target="zappy_server"/>
		</Unit>
		<Unit filename="/home/beafowl/Documents/oop/Zappy/src/server/utils/int_to_s.c">
			<Option target="zappy_server"/>
		</Unit>
		<Unit filename="/home/beafowl/Documents/oop/Zappy/src/server/utils/is_int.c">
			<Option target="zappy_server"/>
		</Unit>
		<Unit filename="/home/beafowl/Documents/oop/Zappy/src/server/utils/is_ip.c">
			<Option target="zappy_server"/>
		</Unit>
		<Unit filename="/home/beafowl/Documents/oop/Zappy/src/server/utils/revstr.c">
			<Option target="zappy_server"/>
		</Unit>
		<Unit filename="/home/beafowl/Documents/oop/Zappy/src/server/utils/str_to_word_array.c">
			<Option target="zappy_server"/>
		</Unit>
		<Unit filename="/home/beafowl/Documents/oop/Zappy/src/server/utils/word_array_len.c">
			<Option target="zappy_server"/>
		</Unit>
		<Unit filename="/home/beafowl/Documents/oop/Zappy/test/testCommandGuiCli.cpp">
			<Option target="test_zappy"/>
		</Unit>
		<Unit filename="/home/beafowl/Documents/oop/Zappy/CMakeLists.txt">
			<Option virtualFolder="CMake Files\"/>
		</Unit>
		<Unit filename="/home/beafowl/Documents/oop/Zappy/Dependencies.cmake">
			<Option virtualFolder="CMake Files\"/>
		</Unit>
		<Unit filename="/home/beafowl/Documents/oop/Zappy/ProjectOptions.cmake">
			<Option virtualFolder="CMake Files\"/>
		</Unit>
		<Unit filename="/home/beafowl/Documents/oop/Zappy/_deps/catch2-src/CMakeLists.txt">
			<Option virtualFolder="CMake Files\_deps\catch2-src\"/>
		</Unit>
		<Unit filename="/home/beafowl/Documents/oop/Zappy/_deps/catch2-src/CMake/CatchConfigOptions.cmake">
			<Option virtualFolder="CMake Files\_deps\catch2-src\CMake\"/>
		</Unit>
		<Unit filename="/home/beafowl/Documents/oop/Zappy/_deps/catch2-src/CMake/CatchMiscFunctions.cmake">
			<Option virtualFolder="CMake Files\_deps\catch2-src\CMake\"/>
		</Unit>
		<Unit filename="/home/beafowl/Documents/oop/Zappy/_deps/catch2-src/src/CMakeLists.txt">
			<Option virtualFolder="CMake Files\_deps\catch2-src\src\"/>
		</Unit>
		<Unit filename="/home/beafowl/Documents/oop/Zappy/_deps/catch2-src/src/catch2/catch_user_config.hpp.in">
			<Option virtualFolder="CMake Files\_deps\catch2-src\src\catch2\"/>
		</Unit>
		<Unit filename="/home/beafowl/Documents/oop/Zappy/_deps/catch2-src/extras/Catch.cmake">
			<Option virtualFolder="CMake Files\_deps\catch2-src\extras\"/>
		</Unit>
		<Unit filename="/home/beafowl/Documents/oop/Zappy/test/CMakeLists.txt">
			<Option virtualFolder="CMake Files\test\"/>
		</Unit>
		<Unit filename="/home/beafowl/Documents/oop/Zappy/cmake/CPM.cmake">
			<Option virtualFolder="CMake Files\cmake\"/>
		</Unit>
		<Unit filename="/home/beafowl/Documents/oop/Zappy/cmake/CPM_0.38.1.cmake">
			<Option virtualFolder="CMake Files\cmake\"/>
		</Unit>
		<Unit filename="/home/beafowl/Documents/oop/Zappy/cmake/CompilerWarnings.cmake">
			<Option virtualFolder="CMake Files\cmake\"/>
		</Unit>
		<Unit filename="/home/beafowl/Documents/oop/Zappy/cmake/Hardening.cmake">
			<Option virtualFolder="CMake Files\cmake\"/>
		</Unit>
		<Unit filename="/home/beafowl/Documents/oop/Zappy/cmake/PackageProject.cmake">
			<Option virtualFolder="CMake Files\cmake\"/>
		</Unit>
		<Unit filename="/home/beafowl/Documents/oop/Zappy/cmake/PreventInSourceBuilds.cmake">
			<Option virtualFolder="CMake Files\cmake\"/>
		</Unit>
		<Unit filename="/home/beafowl/Documents/oop/Zappy/cmake/Sanitizers.cmake">
			<Option virtualFolder="CMake Files\cmake\"/>
		</Unit>
		<Unit filename="/home/beafowl/Documents/oop/Zappy/cmake/StandardProjectSettings.cmake">
			<Option virtualFolder="CMake Files\cmake\"/>
		</Unit>
		<Unit filename="/home/beafowl/Documents/oop/Zappy/cmake/StaticAnalyzers.cmake">
			<Option virtualFolder="CMake Files\cmake\"/>
		</Unit>
		<Unit filename="/home/beafowl/Documents/oop/Zappy/cmake/SystemLink.cmake">
			<Option virtualFolder="CMake Files\cmake\"/>
		</Unit>
		<Unit filename="/home/beafowl/Documents/oop/Zappy/cmake/Utilities.cmake">
			<Option virtualFolder="CMake Files\cmake\"/>
		</Unit>
		<Unit filename="/home/beafowl/Documents/oop/Zappy/cmake/VCEnvironment.cmake">
			<Option virtualFolder="CMake Files\cmake\"/>
		</Unit>
		<Unit filename="/home/beafowl/Documents/oop/Zappy/../../../../../usr/lib/OGRE/cmake/OGREConfig.cmake">
			<Option virtualFolder="CMake Files\..\..\..\..\..\usr\lib\OGRE\cmake\"/>
		</Unit>
		<Unit filename="/home/beafowl/Documents/oop/Zappy/../../../../../usr/lib/OGRE/cmake/OGREConfigVersion.cmake">
			<Option virtualFolder="CMake Files\..\..\..\..\..\usr\lib\OGRE\cmake\"/>
		</Unit>
		<Unit filename="/home/beafowl/Documents/oop/Zappy/../../../../../usr/lib/OGRE/cmake/OgreTargets-relwithdebinfo.cmake">
			<Option virtualFolder="CMake Files\..\..\..\..\..\usr\lib\OGRE\cmake\"/>
		</Unit>
		<Unit filename="/home/beafowl/Documents/oop/Zappy/../../../../../usr/lib/OGRE/cmake/OgreTargets.cmake">
			<Option virtualFolder="CMake Files\..\..\..\..\..\usr\lib\OGRE\cmake\"/>
		</Unit>
		<Unit filename="/home/beafowl/Documents/oop/Zappy/src/CMakeLists.txt">
			<Option virtualFolder="CMake Files\src\"/>
		</Unit>
		<Unit filename="/home/beafowl/Documents/oop/Zappy/src/gui/CMakeLists.txt">
			<Option virtualFolder="CMake Files\src\gui\"/>
		</Unit>
		<Unit filename="/home/beafowl/Documents/oop/Zappy/src/gui/cli/CMakeLists.txt">
			<Option virtualFolder="CMake Files\src\gui\cli\"/>
		</Unit>
		<Unit filename="/home/beafowl/Documents/oop/Zappy/src/gui/handlers/CMakeLists.txt">
			<Option virtualFolder="CMake Files\src\gui\handlers\"/>
		</Unit>
		<Unit filename="/home/beafowl/Documents/oop/Zappy/src/gui/handlers/events/CMakeLists.txt">
			<Option virtualFolder="CMake Files\src\gui\handlers\events\"/>
		</Unit>
		<Unit filename="/home/beafowl/Documents/oop/Zappy/src/server/CMakeLists.txt">
			<Option virtualFolder="CMake Files\src\server\"/>
		</Unit>
		<Unit filename="/home/beafowl/Documents/oop/Zappy/src/server/core/CMakeLists.txt">
			<Option virtualFolder="CMake Files\src\server\core\"/>
		</Unit>
		<Unit filename="/home/beafowl/Documents/oop/Zappy/src/server/core/options/CMakeLists.txt">
			<Option virtualFolder="CMake Files\src\server\core\options\"/>
		</Unit>
		<Unit filename="/home/beafowl/Documents/oop/Zappy/src/server/implementation/CMakeLists.txt">
			<Option virtualFolder="CMake Files\src\server\implementation\"/>
		</Unit>
		<Unit filename="/home/beafowl/Documents/oop/Zappy/src/server/implementation/gui/CMakeLists.txt">
			<Option virtualFolder="CMake Files\src\server\implementation\gui\"/>
		</Unit>
		<Unit filename="/home/beafowl/Documents/oop/Zappy/src/server/implementation/gui/cmd/CMakeLists.txt">
			<Option virtualFolder="CMake Files\src\server\implementation\gui\cmd\"/>
		</Unit>
		<Unit filename="/home/beafowl/Documents/oop/Zappy/src/server/implementation/player/CMakeLists.txt">
			<Option virtualFolder="CMake Files\src\server\implementation\player\"/>
		</Unit>
		<Unit filename="/home/beafowl/Documents/oop/Zappy/src/server/implementation/player/cmd/CMakeLists.txt">
			<Option virtualFolder="CMake Files\src\server\implementation\player\cmd\"/>
		</Unit>
		<Unit filename="/home/beafowl/Documents/oop/Zappy/src/server/implementation/player/cmd/broadcast/CMakeLists.txt">
			<Option virtualFolder="CMake Files\src\server\implementation\player\cmd\broadcast\"/>
		</Unit>
		<Unit filename="/home/beafowl/Documents/oop/Zappy/src/server/utils/CMakeLists.txt">
			<Option virtualFolder="CMake Files\src\server\utils\"/>
		</Unit>
	</Project>
</CodeBlocks_project_file>
